// !$*UTF8*$!
{
	archiveVersion = 1;
	classes = {
	};
	objectVersion = 50;
	objects = {

/* Begin PBXBuildFile section */
		07C48C10A3C7CB8D18E620CB /* Pods_RecordCreateIntentExtension.framework in Frameworks */ = {isa = PBXBuildFile; fileRef = 095B40A234FDEE4504D683D4 /* Pods_RecordCreateIntentExtension.framework */; };
		097ADC495C4ED441B200DB3E /* Pods_RaisingChildrenRecord.framework in Frameworks */ = {isa = PBXBuildFile; fileRef = EC49CE53A1238CDC35587BA0 /* Pods_RaisingChildrenRecord.framework */; };
		0C007B3F2145075F0001802A /* RecordsViewController.swift in Sources */ = {isa = PBXBuildFile; fileRef = 0C007B3E2145075F0001802A /* RecordsViewController.swift */; };
		0C007B432147F0C80001802A /* CustomCollectionViewCell.swift in Sources */ = {isa = PBXBuildFile; fileRef = 0C007B422147F0C80001802A /* CustomCollectionViewCell.swift */; };
		0C0DCB142159AC28001D1FCC /* EditBabyViewController.swift in Sources */ = {isa = PBXBuildFile; fileRef = 0C0DCB132159AC28001D1FCC /* EditBabyViewController.swift */; };
		0C0F7E8D210D2F520040D268 /* CustomTitleView.xib in Resources */ = {isa = PBXBuildFile; fileRef = 0C0F7E8C210D2F520040D268 /* CustomTitleView.xib */; };
		0C0F7E8F210D30750040D268 /* UICustomTitleView.swift in Sources */ = {isa = PBXBuildFile; fileRef = 0C0F7E8E210D30750040D268 /* UICustomTitleView.swift */; };
		0C2F9E69214F23C400CFCD2F /* EditMilkViewController.swift in Sources */ = {isa = PBXBuildFile; fileRef = 0C2F9E68214F23C400CFCD2F /* EditMilkViewController.swift */; };
		0C39F7A121069ABC00302D76 /* PageViewController.swift in Sources */ = {isa = PBXBuildFile; fileRef = 0C39F7A021069ABC00302D76 /* PageViewController.swift */; };
		0C5F37E021567597002A1B6E /* IntentHandler.swift in Sources */ = {isa = PBXBuildFile; fileRef = 0C5F37DF21567597002A1B6E /* IntentHandler.swift */; };
		0C5F37E421567597002A1B6E /* RecordCreateIntentExtension.appex in Embed App Extensions */ = {isa = PBXBuildFile; fileRef = 0C5F37DD21567597002A1B6E /* RecordCreateIntentExtension.appex */; settings = {ATTRIBUTES = (RemoveHeadersOnCopy, ); }; };
		0C5F37E92156781D002A1B6E /* Intents.intentdefinition in Sources */ = {isa = PBXBuildFile; fileRef = 0C5F37E82156781D002A1B6E /* Intents.intentdefinition */; };
		0C5F37EA2156781D002A1B6E /* Intents.intentdefinition in Sources */ = {isa = PBXBuildFile; fileRef = 0C5F37E82156781D002A1B6E /* Intents.intentdefinition */; };
		0CBD261D20F6CBE700542E1B /* AppDelegate.swift in Sources */ = {isa = PBXBuildFile; fileRef = 0CBD261C20F6CBE700542E1B /* AppDelegate.swift */; };
		0CBD261F20F6CBE700542E1B /* FirstViewController.swift in Sources */ = {isa = PBXBuildFile; fileRef = 0CBD261E20F6CBE700542E1B /* FirstViewController.swift */; };
		0CBD262120F6CBE700542E1B /* SecondViewController.swift in Sources */ = {isa = PBXBuildFile; fileRef = 0CBD262020F6CBE700542E1B /* SecondViewController.swift */; };
		0CBD262420F6CBE700542E1B /* Main.storyboard in Resources */ = {isa = PBXBuildFile; fileRef = 0CBD262220F6CBE700542E1B /* Main.storyboard */; };
		0CBD262620F6CBE900542E1B /* Assets.xcassets in Resources */ = {isa = PBXBuildFile; fileRef = 0CBD262520F6CBE900542E1B /* Assets.xcassets */; };
		0CBD262920F6CBE900542E1B /* LaunchScreen.storyboard in Resources */ = {isa = PBXBuildFile; fileRef = 0CBD262720F6CBE900542E1B /* LaunchScreen.storyboard */; };
		0CBD263420F6CBE900542E1B /* RaisingChildrenRecordTests.swift in Sources */ = {isa = PBXBuildFile; fileRef = 0CBD263320F6CBE900542E1B /* RaisingChildrenRecordTests.swift */; };
		0CBD263F20F6CBE900542E1B /* RaisingChildrenRecordUITests.swift in Sources */ = {isa = PBXBuildFile; fileRef = 0CBD263E20F6CBE900542E1B /* RaisingChildrenRecordUITests.swift */; };
		0CC2B8C021568A8E00F92645 /* IntentHandler.swift in Sources */ = {isa = PBXBuildFile; fileRef = 0C5F37DF21567597002A1B6E /* IntentHandler.swift */; };
		14CAB6E3C53B6B558C43FA1A /* Pods_Shared.framework in Frameworks */ = {isa = PBXBuildFile; fileRef = F917576BC9530265857FCE54 /* Pods_Shared.framework */; };
		4094A5395D9CB497AEB66712 /* Pods_RaisingChildrenRecordUITests.framework in Frameworks */ = {isa = PBXBuildFile; fileRef = 49AB5209A9556868F7108ECE /* Pods_RaisingChildrenRecordUITests.framework */; };
		57FA47A3EA5ADF3DBC486F3A /* Pods_RaisingChildrenRecordTests.framework in Frameworks */ = {isa = PBXBuildFile; fileRef = C94664E7E794C1222256125E /* Pods_RaisingChildrenRecordTests.framework */; };
		9C186E9621B8959800A089EF /* Realm+Configuration.swift in Sources */ = {isa = PBXBuildFile; fileRef = 9C186E9521B8959800A089EF /* Realm+Configuration.swift */; };
		9C186E9A21BB675C00A089EF /* BabyObserver.swift in Sources */ = {isa = PBXBuildFile; fileRef = 9CBAE9E9216EFCCB00284EDE /* BabyObserver.swift */; };
		9C186E9D21BB675C00A089EF /* RecordObserver.swift in Sources */ = {isa = PBXBuildFile; fileRef = 9CBAEA012172CC8500284EDE /* RecordObserver.swift */; };
		9C186E9F21BB675C00A089EF /* BabyObserverRealm.swift in Sources */ = {isa = PBXBuildFile; fileRef = 9CBAE9F32172C1E000284EDE /* BabyObserverRealm.swift */; };
		9C186EA121BB675C00A089EF /* RecordObserverRealm.swift in Sources */ = {isa = PBXBuildFile; fileRef = 9CBAEA032172CD2D00284EDE /* RecordObserverRealm.swift */; };
		9C186EA321BB699C00A089EF /* Change.swift in Sources */ = {isa = PBXBuildFile; fileRef = 9CBAE9E5216D75BC00284EDE /* Change.swift */; };
		9C186EA421BB6A1000A089EF /* UserDefaultsKey.swift in Sources */ = {isa = PBXBuildFile; fileRef = 0C2F9E64214DD43D00CFCD2F /* UserDefaultsKey.swift */; };
		9C186EA521BB6C1C00A089EF /* FamilyIdObserver.swift in Sources */ = {isa = PBXBuildFile; fileRef = 9CBAE9F1217168C100284EDE /* FamilyIdObserver.swift */; };
		9C186EA621BBBFBA00A089EF /* BabyDaoFirebase.swift in Sources */ = {isa = PBXBuildFile; fileRef = 9CBAE9E7216E2ADF00284EDE /* BabyDaoFirebase.swift */; };
		9C186EA721BBBFBA00A089EF /* BabyObserverFirebase.swift in Sources */ = {isa = PBXBuildFile; fileRef = 9CBAE9EB216EFD6A00284EDE /* BabyObserverFirebase.swift */; };
		9C186EA821BBBFBA00A089EF /* RecordDaoFactory.swift in Sources */ = {isa = PBXBuildFile; fileRef = 9CBAE9FD2172CB5900284EDE /* RecordDaoFactory.swift */; };
		9C186EA921BBBFBA00A089EF /* FirebaseApp+ConfigureIfNeed.swift in Sources */ = {isa = PBXBuildFile; fileRef = 9CDA326E218E813E00F38D61 /* FirebaseApp+ConfigureIfNeed.swift */; };
		9C186EAA21BBBFBA00A089EF /* BabyObserverFactory.swift in Sources */ = {isa = PBXBuildFile; fileRef = 9CBAE9ED216F8E2E00284EDE /* BabyObserverFactory.swift */; };
		9C186EAB21BBBFBA00A089EF /* RecordObserverFactory.swift in Sources */ = {isa = PBXBuildFile; fileRef = 9CBAEA072172CDB000284EDE /* RecordObserverFactory.swift */; };
		9C186EAC21BBBFBA00A089EF /* BabyDaoFactory.swift in Sources */ = {isa = PBXBuildFile; fileRef = 9CBAE9E3216D729A00284EDE /* BabyDaoFactory.swift */; };
		9C186EAD21BBBFBA00A089EF /* RecordObserverFirebase.swift in Sources */ = {isa = PBXBuildFile; fileRef = 9CBAEA052172CD7000284EDE /* RecordObserverFirebase.swift */; };
		9C186EAE21BBBFBA00A089EF /* RecordDaoFirebase.swift in Sources */ = {isa = PBXBuildFile; fileRef = 9CBAE9FB2172CAFE00284EDE /* RecordDaoFirebase.swift */; };
		9C23DBE421679DCA0091970A /* FamilyIdAndPasscodeViewController.swift in Sources */ = {isa = PBXBuildFile; fileRef = 9C23DBE321679DCA0091970A /* FamilyIdAndPasscodeViewController.swift */; };
		9C23DBE621682F580091970A /* JoinFamilyViewController.swift in Sources */ = {isa = PBXBuildFile; fileRef = 9C23DBE521682F580091970A /* JoinFamilyViewController.swift */; };
		9C62EB35218C1CDC005F068E /* RecordDataManager.swift in Sources */ = {isa = PBXBuildFile; fileRef = 9C62EB33218C1CDC005F068E /* RecordDataManager.swift */; };
		9C62EB36218C1CDC005F068E /* UserDefaults+DataSuite.swift in Sources */ = {isa = PBXBuildFile; fileRef = 9C62EB34218C1CDC005F068E /* UserDefaults+DataSuite.swift */; };
		9C62EB37218C47FA005F068E /* Shared.framework in Frameworks */ = {isa = PBXBuildFile; fileRef = 9CE76AFA2187432B002B00ED /* Shared.framework */; };
		9CBAE9D2216AE19800284EDE /* CreateFamilyViewController.swift in Sources */ = {isa = PBXBuildFile; fileRef = 9CBAE9D1216AE19800284EDE /* CreateFamilyViewController.swift */; };
		9CBAE9D4216AEAC000284EDE /* GoogleService-Info.plist in Resources */ = {isa = PBXBuildFile; fileRef = 9CBAE9D3216AEAC000284EDE /* GoogleService-Info.plist */; };
		9CDA3260218E6F5200F38D61 /* Record.swift in Sources */ = {isa = PBXBuildFile; fileRef = 0C007B46214BDD9C0001802A /* Record.swift */; };
		9CDA3261218E6F5200F38D61 /* RecordDao.swift in Sources */ = {isa = PBXBuildFile; fileRef = 9CBAE9F52172C95D00284EDE /* RecordDao.swift */; };
		9CDA3262218E6F5200F38D61 /* RecordDaoRealm.swift in Sources */ = {isa = PBXBuildFile; fileRef = 9CBAE9F92172CAA500284EDE /* RecordDaoRealm.swift */; };
		9CDA3264218E6F5200F38D61 /* DatabaseType.swift in Sources */ = {isa = PBXBuildFile; fileRef = 9CBAE9FF2172CBAB00284EDE /* DatabaseType.swift */; };
		9CDA3268218E72E000F38D61 /* UserDefaults+Keys.swift in Sources */ = {isa = PBXBuildFile; fileRef = 9CDA3267218E72E000F38D61 /* UserDefaults+Keys.swift */; };
		9CDA3269218E739500F38D61 /* Baby.swift in Sources */ = {isa = PBXBuildFile; fileRef = 0C007B44214885F40001802A /* Baby.swift */; };
		9CDA326B218E739500F38D61 /* BabyDaoRealm.swift in Sources */ = {isa = PBXBuildFile; fileRef = 9CBAE9E1216D722C00284EDE /* BabyDaoRealm.swift */; };
		9CDA326D218E739500F38D61 /* BabyDao.swift in Sources */ = {isa = PBXBuildFile; fileRef = 9CBAE9DF216D71D900284EDE /* BabyDao.swift */; };
		9CE76AF421854F7D002B00ED /* PickerViewController.swift in Sources */ = {isa = PBXBuildFile; fileRef = 9CE76AF321854F7D002B00ED /* PickerViewController.swift */; };
		9CE76B032187432B002B00ED /* Shared.framework in Frameworks */ = {isa = PBXBuildFile; fileRef = 9CE76AFA2187432B002B00ED /* Shared.framework */; };
		9CE76B0A2187432B002B00ED /* SharedTests.swift in Sources */ = {isa = PBXBuildFile; fileRef = 9CE76B092187432B002B00ED /* SharedTests.swift */; };
		9CE76B0C2187432B002B00ED /* Shared.h in Headers */ = {isa = PBXBuildFile; fileRef = 9CE76AFC2187432B002B00ED /* Shared.h */; settings = {ATTRIBUTES = (Public, ); }; };
		9CE76B0F2187432B002B00ED /* Shared.framework in Frameworks */ = {isa = PBXBuildFile; fileRef = 9CE76AFA2187432B002B00ED /* Shared.framework */; };
		9CE76B102187432B002B00ED /* Shared.framework in Embed Frameworks */ = {isa = PBXBuildFile; fileRef = 9CE76AFA2187432B002B00ED /* Shared.framework */; settings = {ATTRIBUTES = (CodeSignOnCopy, RemoveHeadersOnCopy, ); }; };
		9CE76B182187435C002B00ED /* Utils.swift in Sources */ = {isa = PBXBuildFile; fileRef = 9CE76B172187435C002B00ED /* Utils.swift */; };
		9CE76B1B2187CDF3002B00ED /* RecordModel.swift in Sources */ = {isa = PBXBuildFile; fileRef = 9CBAE9F72172C99800284EDE /* RecordModel.swift */; };
		9CE76B1D2187CE4B002B00ED /* BabyModel.swift in Sources */ = {isa = PBXBuildFile; fileRef = 9CBAE9D5216C237D00284EDE /* BabyModel.swift */; };
		9CE76B1E2187CE51002B00ED /* Command.swift in Sources */ = {isa = PBXBuildFile; fileRef = 0C2F9E66214DDE7E00CFCD2F /* Command.swift */; };
		9CE76B222187D3D2002B00ED /* DataManager.swift in Sources */ = {isa = PBXBuildFile; fileRef = 9CE76B212187D3D2002B00ED /* DataManager.swift */; };
/* End PBXBuildFile section */

/* Begin PBXContainerItemProxy section */
		0C5F37E221567597002A1B6E /* PBXContainerItemProxy */ = {
			isa = PBXContainerItemProxy;
			containerPortal = 0CBD261120F6CBE700542E1B /* Project object */;
			proxyType = 1;
			remoteGlobalIDString = 0C5F37DC21567597002A1B6E;
			remoteInfo = RecordCreateIntentExtension;
		};
		0CBD263020F6CBE900542E1B /* PBXContainerItemProxy */ = {
			isa = PBXContainerItemProxy;
			containerPortal = 0CBD261120F6CBE700542E1B /* Project object */;
			proxyType = 1;
			remoteGlobalIDString = 0CBD261820F6CBE700542E1B;
			remoteInfo = RaisingChildrenRecord;
		};
		0CBD263B20F6CBE900542E1B /* PBXContainerItemProxy */ = {
			isa = PBXContainerItemProxy;
			containerPortal = 0CBD261120F6CBE700542E1B /* Project object */;
			proxyType = 1;
			remoteGlobalIDString = 0CBD261820F6CBE700542E1B;
			remoteInfo = RaisingChildrenRecord;
		};
		9CE76B042187432B002B00ED /* PBXContainerItemProxy */ = {
			isa = PBXContainerItemProxy;
			containerPortal = 0CBD261120F6CBE700542E1B /* Project object */;
			proxyType = 1;
			remoteGlobalIDString = 9CE76AF92187432B002B00ED;
			remoteInfo = Shared;
		};
		9CE76B062187432B002B00ED /* PBXContainerItemProxy */ = {
			isa = PBXContainerItemProxy;
			containerPortal = 0CBD261120F6CBE700542E1B /* Project object */;
			proxyType = 1;
			remoteGlobalIDString = 0CBD261820F6CBE700542E1B;
			remoteInfo = RaisingChildrenRecord;
		};
		9CE76B0D2187432B002B00ED /* PBXContainerItemProxy */ = {
			isa = PBXContainerItemProxy;
			containerPortal = 0CBD261120F6CBE700542E1B /* Project object */;
			proxyType = 1;
			remoteGlobalIDString = 9CE76AF92187432B002B00ED;
			remoteInfo = Shared;
		};
/* End PBXContainerItemProxy section */

/* Begin PBXCopyFilesBuildPhase section */
		0C0DCB0C2157272A001D1FCC /* Embed Frameworks */ = {
			isa = PBXCopyFilesBuildPhase;
			buildActionMask = 2147483647;
			dstPath = "";
			dstSubfolderSpec = 10;
			files = (
				9CE76B102187432B002B00ED /* Shared.framework in Embed Frameworks */,
			);
			name = "Embed Frameworks";
			runOnlyForDeploymentPostprocessing = 0;
		};
		0C995BD12155D0DB00244E68 /* Embed App Extensions */ = {
			isa = PBXCopyFilesBuildPhase;
			buildActionMask = 2147483647;
			dstPath = "";
			dstSubfolderSpec = 13;
			files = (
				0C5F37E421567597002A1B6E /* RecordCreateIntentExtension.appex in Embed App Extensions */,
			);
			name = "Embed App Extensions";
			runOnlyForDeploymentPostprocessing = 0;
		};
/* End PBXCopyFilesBuildPhase section */

/* Begin PBXFileReference section */
		029BC516EE919DB630751BBF /* Pods-RecordCreateIntentExtension.debug.xcconfig */ = {isa = PBXFileReference; includeInIndex = 1; lastKnownFileType = text.xcconfig; name = "Pods-RecordCreateIntentExtension.debug.xcconfig"; path = "Pods/Target Support Files/Pods-RecordCreateIntentExtension/Pods-RecordCreateIntentExtension.debug.xcconfig"; sourceTree = "<group>"; };
		068F08107174856353C833DE /* Pods-RaisingChildrenRecordUITests.debug.xcconfig */ = {isa = PBXFileReference; includeInIndex = 1; lastKnownFileType = text.xcconfig; name = "Pods-RaisingChildrenRecordUITests.debug.xcconfig"; path = "Pods/Target Support Files/Pods-RaisingChildrenRecordUITests/Pods-RaisingChildrenRecordUITests.debug.xcconfig"; sourceTree = "<group>"; };
		095B40A234FDEE4504D683D4 /* Pods_RecordCreateIntentExtension.framework */ = {isa = PBXFileReference; explicitFileType = wrapper.framework; includeInIndex = 0; path = Pods_RecordCreateIntentExtension.framework; sourceTree = BUILT_PRODUCTS_DIR; };
		0C007B3E2145075F0001802A /* RecordsViewController.swift */ = {isa = PBXFileReference; lastKnownFileType = sourcecode.swift; path = RecordsViewController.swift; sourceTree = "<group>"; };
		0C007B422147F0C80001802A /* CustomCollectionViewCell.swift */ = {isa = PBXFileReference; lastKnownFileType = sourcecode.swift; path = CustomCollectionViewCell.swift; sourceTree = "<group>"; };
		0C007B44214885F40001802A /* Baby.swift */ = {isa = PBXFileReference; lastKnownFileType = sourcecode.swift; path = Baby.swift; sourceTree = "<group>"; };
		0C007B46214BDD9C0001802A /* Record.swift */ = {isa = PBXFileReference; lastKnownFileType = sourcecode.swift; path = Record.swift; sourceTree = "<group>"; };
		0C0DCB132159AC28001D1FCC /* EditBabyViewController.swift */ = {isa = PBXFileReference; lastKnownFileType = sourcecode.swift; path = EditBabyViewController.swift; sourceTree = "<group>"; };
		0C0F7E8C210D2F520040D268 /* CustomTitleView.xib */ = {isa = PBXFileReference; lastKnownFileType = file.xib; path = CustomTitleView.xib; sourceTree = "<group>"; };
		0C0F7E8E210D30750040D268 /* UICustomTitleView.swift */ = {isa = PBXFileReference; lastKnownFileType = sourcecode.swift; path = UICustomTitleView.swift; sourceTree = "<group>"; };
		0C2F9E64214DD43D00CFCD2F /* UserDefaultsKey.swift */ = {isa = PBXFileReference; lastKnownFileType = sourcecode.swift; path = UserDefaultsKey.swift; sourceTree = "<group>"; };
		0C2F9E66214DDE7E00CFCD2F /* Command.swift */ = {isa = PBXFileReference; lastKnownFileType = sourcecode.swift; path = Command.swift; sourceTree = "<group>"; };
		0C2F9E68214F23C400CFCD2F /* EditMilkViewController.swift */ = {isa = PBXFileReference; lastKnownFileType = sourcecode.swift; path = EditMilkViewController.swift; sourceTree = "<group>"; };
		0C39F7A021069ABC00302D76 /* PageViewController.swift */ = {isa = PBXFileReference; lastKnownFileType = sourcecode.swift; path = PageViewController.swift; sourceTree = "<group>"; };
		0C5F37DD21567597002A1B6E /* RecordCreateIntentExtension.appex */ = {isa = PBXFileReference; explicitFileType = "wrapper.app-extension"; includeInIndex = 0; path = RecordCreateIntentExtension.appex; sourceTree = BUILT_PRODUCTS_DIR; };
		0C5F37DF21567597002A1B6E /* IntentHandler.swift */ = {isa = PBXFileReference; lastKnownFileType = sourcecode.swift; path = IntentHandler.swift; sourceTree = "<group>"; };
		0C5F37E121567597002A1B6E /* Info.plist */ = {isa = PBXFileReference; lastKnownFileType = text.plist.xml; path = Info.plist; sourceTree = "<group>"; };
		0C5F37E82156781D002A1B6E /* Intents.intentdefinition */ = {isa = PBXFileReference; lastKnownFileType = file.intentdefinition; path = Intents.intentdefinition; sourceTree = "<group>"; };
		0C995BBC2155D0DB00244E68 /* IntentsUI.framework */ = {isa = PBXFileReference; lastKnownFileType = wrapper.framework; name = IntentsUI.framework; path = System/Library/Frameworks/IntentsUI.framework; sourceTree = SDKROOT; };
		0CBD261920F6CBE700542E1B /* RaisingChildrenRecord.app */ = {isa = PBXFileReference; explicitFileType = wrapper.application; includeInIndex = 0; path = RaisingChildrenRecord.app; sourceTree = BUILT_PRODUCTS_DIR; };
		0CBD261C20F6CBE700542E1B /* AppDelegate.swift */ = {isa = PBXFileReference; lastKnownFileType = sourcecode.swift; path = AppDelegate.swift; sourceTree = "<group>"; };
		0CBD261E20F6CBE700542E1B /* FirstViewController.swift */ = {isa = PBXFileReference; lastKnownFileType = sourcecode.swift; path = FirstViewController.swift; sourceTree = "<group>"; };
		0CBD262020F6CBE700542E1B /* SecondViewController.swift */ = {isa = PBXFileReference; lastKnownFileType = sourcecode.swift; path = SecondViewController.swift; sourceTree = "<group>"; };
		0CBD262320F6CBE700542E1B /* Base */ = {isa = PBXFileReference; lastKnownFileType = file.storyboard; name = Base; path = Base.lproj/Main.storyboard; sourceTree = "<group>"; };
		0CBD262520F6CBE900542E1B /* Assets.xcassets */ = {isa = PBXFileReference; lastKnownFileType = folder.assetcatalog; path = Assets.xcassets; sourceTree = "<group>"; };
		0CBD262820F6CBE900542E1B /* Base */ = {isa = PBXFileReference; lastKnownFileType = file.storyboard; name = Base; path = Base.lproj/LaunchScreen.storyboard; sourceTree = "<group>"; };
		0CBD262A20F6CBE900542E1B /* Info.plist */ = {isa = PBXFileReference; lastKnownFileType = text.plist.xml; path = Info.plist; sourceTree = "<group>"; };
		0CBD262F20F6CBE900542E1B /* RaisingChildrenRecordTests.xctest */ = {isa = PBXFileReference; explicitFileType = wrapper.cfbundle; includeInIndex = 0; path = RaisingChildrenRecordTests.xctest; sourceTree = BUILT_PRODUCTS_DIR; };
		0CBD263320F6CBE900542E1B /* RaisingChildrenRecordTests.swift */ = {isa = PBXFileReference; lastKnownFileType = sourcecode.swift; path = RaisingChildrenRecordTests.swift; sourceTree = "<group>"; };
		0CBD263520F6CBE900542E1B /* Info.plist */ = {isa = PBXFileReference; lastKnownFileType = text.plist.xml; path = Info.plist; sourceTree = "<group>"; };
		0CBD263A20F6CBE900542E1B /* RaisingChildrenRecordUITests.xctest */ = {isa = PBXFileReference; explicitFileType = wrapper.cfbundle; includeInIndex = 0; path = RaisingChildrenRecordUITests.xctest; sourceTree = BUILT_PRODUCTS_DIR; };
		0CBD263E20F6CBE900542E1B /* RaisingChildrenRecordUITests.swift */ = {isa = PBXFileReference; lastKnownFileType = sourcecode.swift; path = RaisingChildrenRecordUITests.swift; sourceTree = "<group>"; };
		0CBD264020F6CBE900542E1B /* Info.plist */ = {isa = PBXFileReference; lastKnownFileType = text.plist.xml; path = Info.plist; sourceTree = "<group>"; };
		111E3B47BC71087CF433D38B /* Pods-RecordCreateIntentExtension.release.xcconfig */ = {isa = PBXFileReference; includeInIndex = 1; lastKnownFileType = text.xcconfig; name = "Pods-RecordCreateIntentExtension.release.xcconfig"; path = "Pods/Target Support Files/Pods-RecordCreateIntentExtension/Pods-RecordCreateIntentExtension.release.xcconfig"; sourceTree = "<group>"; };
		2195300DEAC3D877358BCCD5 /* Pods-All-RaisingChildrenRecord.release.xcconfig */ = {isa = PBXFileReference; includeInIndex = 1; lastKnownFileType = text.xcconfig; name = "Pods-All-RaisingChildrenRecord.release.xcconfig"; path = "Pods/Target Support Files/Pods-All-RaisingChildrenRecord/Pods-All-RaisingChildrenRecord.release.xcconfig"; sourceTree = "<group>"; };
		33EAA7F56793D44C54EEF856 /* Pods-All-RaisingChildrenRecord.debug.xcconfig */ = {isa = PBXFileReference; includeInIndex = 1; lastKnownFileType = text.xcconfig; name = "Pods-All-RaisingChildrenRecord.debug.xcconfig"; path = "Pods/Target Support Files/Pods-All-RaisingChildrenRecord/Pods-All-RaisingChildrenRecord.debug.xcconfig"; sourceTree = "<group>"; };
		361E53E0FF583D927555B7A4 /* Pods_All_Shared.framework */ = {isa = PBXFileReference; explicitFileType = wrapper.framework; includeInIndex = 0; path = Pods_All_Shared.framework; sourceTree = BUILT_PRODUCTS_DIR; };
		3DF86A4BB5475683C3BB3928 /* Pods-All-RecordCreateIntentExtension.debug.xcconfig */ = {isa = PBXFileReference; includeInIndex = 1; lastKnownFileType = text.xcconfig; name = "Pods-All-RecordCreateIntentExtension.debug.xcconfig"; path = "Pods/Target Support Files/Pods-All-RecordCreateIntentExtension/Pods-All-RecordCreateIntentExtension.debug.xcconfig"; sourceTree = "<group>"; };
		49AB5209A9556868F7108ECE /* Pods_RaisingChildrenRecordUITests.framework */ = {isa = PBXFileReference; explicitFileType = wrapper.framework; includeInIndex = 0; path = Pods_RaisingChildrenRecordUITests.framework; sourceTree = BUILT_PRODUCTS_DIR; };
		4D49BB12B0BCAC64F5D887D3 /* Pods-Shared.release.xcconfig */ = {isa = PBXFileReference; includeInIndex = 1; lastKnownFileType = text.xcconfig; name = "Pods-Shared.release.xcconfig"; path = "Pods/Target Support Files/Pods-Shared/Pods-Shared.release.xcconfig"; sourceTree = "<group>"; };
		5104A7A4757040F08FD851B8 /* Pods-RaisingChildrenRecord.debug.xcconfig */ = {isa = PBXFileReference; includeInIndex = 1; lastKnownFileType = text.xcconfig; name = "Pods-RaisingChildrenRecord.debug.xcconfig"; path = "Pods/Target Support Files/Pods-RaisingChildrenRecord/Pods-RaisingChildrenRecord.debug.xcconfig"; sourceTree = "<group>"; };
		5A87CD9836F511956BF3638E /* Pods-RaisingChildrenRecordUITests.release.xcconfig */ = {isa = PBXFileReference; includeInIndex = 1; lastKnownFileType = text.xcconfig; name = "Pods-RaisingChildrenRecordUITests.release.xcconfig"; path = "Pods/Target Support Files/Pods-RaisingChildrenRecordUITests/Pods-RaisingChildrenRecordUITests.release.xcconfig"; sourceTree = "<group>"; };
		5AA05FB6C74EDB3D89796DFB /* Pods_CustomRealmObject.framework */ = {isa = PBXFileReference; explicitFileType = wrapper.framework; includeInIndex = 0; path = Pods_CustomRealmObject.framework; sourceTree = BUILT_PRODUCTS_DIR; };
		5E349B02180E638BFB0CD454 /* Pods-CustomRealmObject.debug.xcconfig */ = {isa = PBXFileReference; includeInIndex = 1; lastKnownFileType = text.xcconfig; name = "Pods-CustomRealmObject.debug.xcconfig"; path = "Pods/Target Support Files/Pods-CustomRealmObject/Pods-CustomRealmObject.debug.xcconfig"; sourceTree = "<group>"; };
		6808A71133A1834EDE85CDDF /* Pods-CustomRealmObject.release.xcconfig */ = {isa = PBXFileReference; includeInIndex = 1; lastKnownFileType = text.xcconfig; name = "Pods-CustomRealmObject.release.xcconfig"; path = "Pods/Target Support Files/Pods-CustomRealmObject/Pods-CustomRealmObject.release.xcconfig"; sourceTree = "<group>"; };
		7255525C02F20766B49984FF /* Pods-Shared.debug.xcconfig */ = {isa = PBXFileReference; includeInIndex = 1; lastKnownFileType = text.xcconfig; name = "Pods-Shared.debug.xcconfig"; path = "Pods/Target Support Files/Pods-Shared/Pods-Shared.debug.xcconfig"; sourceTree = "<group>"; };
		780A0AFB59F399E0E8F2A42C /* Pods-RaisingChildrenRecord.release.xcconfig */ = {isa = PBXFileReference; includeInIndex = 1; lastKnownFileType = text.xcconfig; name = "Pods-RaisingChildrenRecord.release.xcconfig"; path = "Pods/Target Support Files/Pods-RaisingChildrenRecord/Pods-RaisingChildrenRecord.release.xcconfig"; sourceTree = "<group>"; };
		79C3F10285797D0EB4CFCF07 /* Pods_All_RaisingChildrenRecord.framework */ = {isa = PBXFileReference; explicitFileType = wrapper.framework; includeInIndex = 0; path = Pods_All_RaisingChildrenRecord.framework; sourceTree = BUILT_PRODUCTS_DIR; };
		8088BC7618155569E320932B /* Pods-All-Shared.debug.xcconfig */ = {isa = PBXFileReference; includeInIndex = 1; lastKnownFileType = text.xcconfig; name = "Pods-All-Shared.debug.xcconfig"; path = "Pods/Target Support Files/Pods-All-Shared/Pods-All-Shared.debug.xcconfig"; sourceTree = "<group>"; };
		8F5DB31D376FEDB570A18180 /* Pods_All_RecordCreateIntentExtension.framework */ = {isa = PBXFileReference; explicitFileType = wrapper.framework; includeInIndex = 0; path = Pods_All_RecordCreateIntentExtension.framework; sourceTree = BUILT_PRODUCTS_DIR; };
		9C186E9521B8959800A089EF /* Realm+Configuration.swift */ = {isa = PBXFileReference; lastKnownFileType = sourcecode.swift; path = "Realm+Configuration.swift"; sourceTree = "<group>"; };
		9C186E9721B8995E00A089EF /* RaisingChildrenRecord.entitlements */ = {isa = PBXFileReference; lastKnownFileType = text.plist.entitlements; path = RaisingChildrenRecord.entitlements; sourceTree = "<group>"; };
		9C186E9821B8D1D300A089EF /* RecordCreateIntentExtension.entitlements */ = {isa = PBXFileReference; lastKnownFileType = text.plist.entitlements; path = RecordCreateIntentExtension.entitlements; sourceTree = "<group>"; };
		9C23DBE321679DCA0091970A /* FamilyIdAndPasscodeViewController.swift */ = {isa = PBXFileReference; lastKnownFileType = sourcecode.swift; path = FamilyIdAndPasscodeViewController.swift; sourceTree = "<group>"; };
		9C23DBE521682F580091970A /* JoinFamilyViewController.swift */ = {isa = PBXFileReference; lastKnownFileType = sourcecode.swift; path = JoinFamilyViewController.swift; sourceTree = "<group>"; };
		9C62EB33218C1CDC005F068E /* RecordDataManager.swift */ = {isa = PBXFileReference; fileEncoding = 4; lastKnownFileType = sourcecode.swift; path = RecordDataManager.swift; sourceTree = "<group>"; };
		9C62EB34218C1CDC005F068E /* UserDefaults+DataSuite.swift */ = {isa = PBXFileReference; fileEncoding = 4; lastKnownFileType = sourcecode.swift; path = "UserDefaults+DataSuite.swift"; sourceTree = "<group>"; };
		9CBAE9D1216AE19800284EDE /* CreateFamilyViewController.swift */ = {isa = PBXFileReference; lastKnownFileType = sourcecode.swift; path = CreateFamilyViewController.swift; sourceTree = "<group>"; };
		9CBAE9D3216AEAC000284EDE /* GoogleService-Info.plist */ = {isa = PBXFileReference; fileEncoding = 4; lastKnownFileType = text.plist.xml; path = "GoogleService-Info.plist"; sourceTree = "<group>"; };
		9CBAE9D5216C237D00284EDE /* BabyModel.swift */ = {isa = PBXFileReference; lastKnownFileType = sourcecode.swift; path = BabyModel.swift; sourceTree = "<group>"; };
		9CBAE9DF216D71D900284EDE /* BabyDao.swift */ = {isa = PBXFileReference; lastKnownFileType = sourcecode.swift; path = BabyDao.swift; sourceTree = "<group>"; };
		9CBAE9E1216D722C00284EDE /* BabyDaoRealm.swift */ = {isa = PBXFileReference; lastKnownFileType = sourcecode.swift; path = BabyDaoRealm.swift; sourceTree = "<group>"; };
		9CBAE9E3216D729A00284EDE /* BabyDaoFactory.swift */ = {isa = PBXFileReference; lastKnownFileType = sourcecode.swift; path = BabyDaoFactory.swift; sourceTree = "<group>"; };
		9CBAE9E5216D75BC00284EDE /* Change.swift */ = {isa = PBXFileReference; lastKnownFileType = sourcecode.swift; path = Change.swift; sourceTree = "<group>"; };
		9CBAE9E7216E2ADF00284EDE /* BabyDaoFirebase.swift */ = {isa = PBXFileReference; lastKnownFileType = sourcecode.swift; path = BabyDaoFirebase.swift; sourceTree = "<group>"; };
		9CBAE9E9216EFCCB00284EDE /* BabyObserver.swift */ = {isa = PBXFileReference; lastKnownFileType = sourcecode.swift; path = BabyObserver.swift; sourceTree = "<group>"; };
		9CBAE9EB216EFD6A00284EDE /* BabyObserverFirebase.swift */ = {isa = PBXFileReference; lastKnownFileType = sourcecode.swift; path = BabyObserverFirebase.swift; sourceTree = "<group>"; };
		9CBAE9ED216F8E2E00284EDE /* BabyObserverFactory.swift */ = {isa = PBXFileReference; lastKnownFileType = sourcecode.swift; path = BabyObserverFactory.swift; sourceTree = "<group>"; };
		9CBAE9F1217168C100284EDE /* FamilyIdObserver.swift */ = {isa = PBXFileReference; lastKnownFileType = sourcecode.swift; path = FamilyIdObserver.swift; sourceTree = "<group>"; };
		9CBAE9F32172C1E000284EDE /* BabyObserverRealm.swift */ = {isa = PBXFileReference; lastKnownFileType = sourcecode.swift; path = BabyObserverRealm.swift; sourceTree = "<group>"; };
		9CBAE9F52172C95D00284EDE /* RecordDao.swift */ = {isa = PBXFileReference; lastKnownFileType = sourcecode.swift; path = RecordDao.swift; sourceTree = "<group>"; };
		9CBAE9F72172C99800284EDE /* RecordModel.swift */ = {isa = PBXFileReference; lastKnownFileType = sourcecode.swift; path = RecordModel.swift; sourceTree = "<group>"; };
		9CBAE9F92172CAA500284EDE /* RecordDaoRealm.swift */ = {isa = PBXFileReference; lastKnownFileType = sourcecode.swift; path = RecordDaoRealm.swift; sourceTree = "<group>"; };
		9CBAE9FB2172CAFE00284EDE /* RecordDaoFirebase.swift */ = {isa = PBXFileReference; lastKnownFileType = sourcecode.swift; path = RecordDaoFirebase.swift; sourceTree = "<group>"; };
		9CBAE9FD2172CB5900284EDE /* RecordDaoFactory.swift */ = {isa = PBXFileReference; lastKnownFileType = sourcecode.swift; path = RecordDaoFactory.swift; sourceTree = "<group>"; };
		9CBAE9FF2172CBAB00284EDE /* DatabaseType.swift */ = {isa = PBXFileReference; lastKnownFileType = sourcecode.swift; path = DatabaseType.swift; sourceTree = "<group>"; };
		9CBAEA012172CC8500284EDE /* RecordObserver.swift */ = {isa = PBXFileReference; lastKnownFileType = sourcecode.swift; path = RecordObserver.swift; sourceTree = "<group>"; };
		9CBAEA032172CD2D00284EDE /* RecordObserverRealm.swift */ = {isa = PBXFileReference; lastKnownFileType = sourcecode.swift; path = RecordObserverRealm.swift; sourceTree = "<group>"; };
		9CBAEA052172CD7000284EDE /* RecordObserverFirebase.swift */ = {isa = PBXFileReference; lastKnownFileType = sourcecode.swift; path = RecordObserverFirebase.swift; sourceTree = "<group>"; };
		9CBAEA072172CDB000284EDE /* RecordObserverFactory.swift */ = {isa = PBXFileReference; lastKnownFileType = sourcecode.swift; path = RecordObserverFactory.swift; sourceTree = "<group>"; };
		9CDA3267218E72E000F38D61 /* UserDefaults+Keys.swift */ = {isa = PBXFileReference; lastKnownFileType = sourcecode.swift; path = "UserDefaults+Keys.swift"; sourceTree = "<group>"; };
		9CDA326E218E813E00F38D61 /* FirebaseApp+ConfigureIfNeed.swift */ = {isa = PBXFileReference; lastKnownFileType = sourcecode.swift; path = "FirebaseApp+ConfigureIfNeed.swift"; sourceTree = "<group>"; };
		9CE76AF321854F7D002B00ED /* PickerViewController.swift */ = {isa = PBXFileReference; lastKnownFileType = sourcecode.swift; path = PickerViewController.swift; sourceTree = "<group>"; };
		9CE76AFA2187432B002B00ED /* Shared.framework */ = {isa = PBXFileReference; explicitFileType = wrapper.framework; includeInIndex = 0; path = Shared.framework; sourceTree = BUILT_PRODUCTS_DIR; };
		9CE76AFC2187432B002B00ED /* Shared.h */ = {isa = PBXFileReference; lastKnownFileType = sourcecode.c.h; path = Shared.h; sourceTree = "<group>"; };
		9CE76AFD2187432B002B00ED /* Info.plist */ = {isa = PBXFileReference; lastKnownFileType = text.plist.xml; path = Info.plist; sourceTree = "<group>"; };
		9CE76B022187432B002B00ED /* SharedTests.xctest */ = {isa = PBXFileReference; explicitFileType = wrapper.cfbundle; includeInIndex = 0; path = SharedTests.xctest; sourceTree = BUILT_PRODUCTS_DIR; };
		9CE76B092187432B002B00ED /* SharedTests.swift */ = {isa = PBXFileReference; lastKnownFileType = sourcecode.swift; path = SharedTests.swift; sourceTree = "<group>"; };
		9CE76B0B2187432B002B00ED /* Info.plist */ = {isa = PBXFileReference; lastKnownFileType = text.plist.xml; path = Info.plist; sourceTree = "<group>"; };
		9CE76B172187435C002B00ED /* Utils.swift */ = {isa = PBXFileReference; lastKnownFileType = sourcecode.swift; path = Utils.swift; sourceTree = "<group>"; };
		9CE76B212187D3D2002B00ED /* DataManager.swift */ = {isa = PBXFileReference; lastKnownFileType = sourcecode.swift; path = DataManager.swift; sourceTree = "<group>"; };
		A53A6EAF8CBBF298C25FE25C /* Pods-RaisingChildrenRecordTests.debug.xcconfig */ = {isa = PBXFileReference; includeInIndex = 1; lastKnownFileType = text.xcconfig; name = "Pods-RaisingChildrenRecordTests.debug.xcconfig"; path = "Pods/Target Support Files/Pods-RaisingChildrenRecordTests/Pods-RaisingChildrenRecordTests.debug.xcconfig"; sourceTree = "<group>"; };
		C94664E7E794C1222256125E /* Pods_RaisingChildrenRecordTests.framework */ = {isa = PBXFileReference; explicitFileType = wrapper.framework; includeInIndex = 0; path = Pods_RaisingChildrenRecordTests.framework; sourceTree = BUILT_PRODUCTS_DIR; };
		DC9F828907230A0FA3CF9DA4 /* Pods-RaisingChildrenRecordTests.release.xcconfig */ = {isa = PBXFileReference; includeInIndex = 1; lastKnownFileType = text.xcconfig; name = "Pods-RaisingChildrenRecordTests.release.xcconfig"; path = "Pods/Target Support Files/Pods-RaisingChildrenRecordTests/Pods-RaisingChildrenRecordTests.release.xcconfig"; sourceTree = "<group>"; };
		DFA2DACC07E117CAE3570BC8 /* Pods-All-Shared.release.xcconfig */ = {isa = PBXFileReference; includeInIndex = 1; lastKnownFileType = text.xcconfig; name = "Pods-All-Shared.release.xcconfig"; path = "Pods/Target Support Files/Pods-All-Shared/Pods-All-Shared.release.xcconfig"; sourceTree = "<group>"; };
		E69AFD3F287763B79A009EC3 /* Pods-All-RecordCreateIntentExtension.release.xcconfig */ = {isa = PBXFileReference; includeInIndex = 1; lastKnownFileType = text.xcconfig; name = "Pods-All-RecordCreateIntentExtension.release.xcconfig"; path = "Pods/Target Support Files/Pods-All-RecordCreateIntentExtension/Pods-All-RecordCreateIntentExtension.release.xcconfig"; sourceTree = "<group>"; };
		EC49CE53A1238CDC35587BA0 /* Pods_RaisingChildrenRecord.framework */ = {isa = PBXFileReference; explicitFileType = wrapper.framework; includeInIndex = 0; path = Pods_RaisingChildrenRecord.framework; sourceTree = BUILT_PRODUCTS_DIR; };
		F917576BC9530265857FCE54 /* Pods_Shared.framework */ = {isa = PBXFileReference; explicitFileType = wrapper.framework; includeInIndex = 0; path = Pods_Shared.framework; sourceTree = BUILT_PRODUCTS_DIR; };
/* End PBXFileReference section */

/* Begin PBXFrameworksBuildPhase section */
		0C5F37DA21567597002A1B6E /* Frameworks */ = {
			isa = PBXFrameworksBuildPhase;
			buildActionMask = 2147483647;
			files = (
				9C62EB37218C47FA005F068E /* Shared.framework in Frameworks */,
				07C48C10A3C7CB8D18E620CB /* Pods_RecordCreateIntentExtension.framework in Frameworks */,
			);
			runOnlyForDeploymentPostprocessing = 0;
		};
		0CBD261620F6CBE700542E1B /* Frameworks */ = {
			isa = PBXFrameworksBuildPhase;
			buildActionMask = 2147483647;
			files = (
				9CE76B0F2187432B002B00ED /* Shared.framework in Frameworks */,
				097ADC495C4ED441B200DB3E /* Pods_RaisingChildrenRecord.framework in Frameworks */,
			);
			runOnlyForDeploymentPostprocessing = 0;
		};
		0CBD262C20F6CBE900542E1B /* Frameworks */ = {
			isa = PBXFrameworksBuildPhase;
			buildActionMask = 2147483647;
			files = (
				57FA47A3EA5ADF3DBC486F3A /* Pods_RaisingChildrenRecordTests.framework in Frameworks */,
			);
			runOnlyForDeploymentPostprocessing = 0;
		};
		0CBD263720F6CBE900542E1B /* Frameworks */ = {
			isa = PBXFrameworksBuildPhase;
			buildActionMask = 2147483647;
			files = (
				4094A5395D9CB497AEB66712 /* Pods_RaisingChildrenRecordUITests.framework in Frameworks */,
			);
			runOnlyForDeploymentPostprocessing = 0;
		};
		9CE76AF72187432B002B00ED /* Frameworks */ = {
			isa = PBXFrameworksBuildPhase;
			buildActionMask = 2147483647;
			files = (
				14CAB6E3C53B6B558C43FA1A /* Pods_Shared.framework in Frameworks */,
			);
			runOnlyForDeploymentPostprocessing = 0;
		};
		9CE76AFF2187432B002B00ED /* Frameworks */ = {
			isa = PBXFrameworksBuildPhase;
			buildActionMask = 2147483647;
			files = (
				9CE76B032187432B002B00ED /* Shared.framework in Frameworks */,
			);
			runOnlyForDeploymentPostprocessing = 0;
		};
/* End PBXFrameworksBuildPhase section */

/* Begin PBXGroup section */
		0C5F37DE21567597002A1B6E /* RecordCreateIntentExtension */ = {
			isa = PBXGroup;
			children = (
				9C186E9821B8D1D300A089EF /* RecordCreateIntentExtension.entitlements */,
				0C5F37DF21567597002A1B6E /* IntentHandler.swift */,
				0C5F37E121567597002A1B6E /* Info.plist */,
				0C5F37E82156781D002A1B6E /* Intents.intentdefinition */,
			);
			path = RecordCreateIntentExtension;
			sourceTree = "<group>";
		};
		0CBD261020F6CBE700542E1B = {
			isa = PBXGroup;
			children = (
				0CBD261B20F6CBE700542E1B /* RaisingChildrenRecord */,
				0CBD263220F6CBE900542E1B /* RaisingChildrenRecordTests */,
				0CBD263D20F6CBE900542E1B /* RaisingChildrenRecordUITests */,
				0C5F37DE21567597002A1B6E /* RecordCreateIntentExtension */,
				9CE76AFB2187432B002B00ED /* Shared */,
				9CE76B082187432B002B00ED /* SharedTests */,
				0CBD261A20F6CBE700542E1B /* Products */,
				D2A926F648DCFC54A064276D /* Pods */,
				538573DBEFD99BAE6FCC646A /* Frameworks */,
			);
			sourceTree = "<group>";
		};
		0CBD261A20F6CBE700542E1B /* Products */ = {
			isa = PBXGroup;
			children = (
				0CBD261920F6CBE700542E1B /* RaisingChildrenRecord.app */,
				0CBD262F20F6CBE900542E1B /* RaisingChildrenRecordTests.xctest */,
				0CBD263A20F6CBE900542E1B /* RaisingChildrenRecordUITests.xctest */,
				0C5F37DD21567597002A1B6E /* RecordCreateIntentExtension.appex */,
				9CE76AFA2187432B002B00ED /* Shared.framework */,
				9CE76B022187432B002B00ED /* SharedTests.xctest */,
			);
			name = Products;
			sourceTree = "<group>";
		};
		0CBD261B20F6CBE700542E1B /* RaisingChildrenRecord */ = {
			isa = PBXGroup;
			children = (
				9C186E9721B8995E00A089EF /* RaisingChildrenRecord.entitlements */,
				9CBAE9D3216AEAC000284EDE /* GoogleService-Info.plist */,
				0CBD261C20F6CBE700542E1B /* AppDelegate.swift */,
				0CBD261E20F6CBE700542E1B /* FirstViewController.swift */,
				0CBD262020F6CBE700542E1B /* SecondViewController.swift */,
				0CBD262220F6CBE700542E1B /* Main.storyboard */,
				0C0F7E8C210D2F520040D268 /* CustomTitleView.xib */,
				0CBD262520F6CBE900542E1B /* Assets.xcassets */,
				0CBD262720F6CBE900542E1B /* LaunchScreen.storyboard */,
				0CBD262A20F6CBE900542E1B /* Info.plist */,
				0C39F7A021069ABC00302D76 /* PageViewController.swift */,
				0C0F7E8E210D30750040D268 /* UICustomTitleView.swift */,
				0C007B3E2145075F0001802A /* RecordsViewController.swift */,
				0C007B422147F0C80001802A /* CustomCollectionViewCell.swift */,
				9CBAE9D1216AE19800284EDE /* CreateFamilyViewController.swift */,
				0C2F9E68214F23C400CFCD2F /* EditMilkViewController.swift */,
				0C0DCB132159AC28001D1FCC /* EditBabyViewController.swift */,
				9C23DBE321679DCA0091970A /* FamilyIdAndPasscodeViewController.swift */,
				9C23DBE521682F580091970A /* JoinFamilyViewController.swift */,
				9CE76AF321854F7D002B00ED /* PickerViewController.swift */,
				9CBAE9F1217168C100284EDE /* FamilyIdObserver.swift */,
				9CBAE9EB216EFD6A00284EDE /* BabyObserverFirebase.swift */,
				9CBAE9ED216F8E2E00284EDE /* BabyObserverFactory.swift */,
				9CBAEA052172CD7000284EDE /* RecordObserverFirebase.swift */,
				9CBAEA072172CDB000284EDE /* RecordObserverFactory.swift */,
				9CBAE9E3216D729A00284EDE /* BabyDaoFactory.swift */,
				9CBAE9E7216E2ADF00284EDE /* BabyDaoFirebase.swift */,
				9CBAE9FB2172CAFE00284EDE /* RecordDaoFirebase.swift */,
				9CBAE9FD2172CB5900284EDE /* RecordDaoFactory.swift */,
				9CDA326E218E813E00F38D61 /* FirebaseApp+ConfigureIfNeed.swift */,
			);
			path = RaisingChildrenRecord;
			sourceTree = "<group>";
		};
		0CBD263220F6CBE900542E1B /* RaisingChildrenRecordTests */ = {
			isa = PBXGroup;
			children = (
				0CBD263320F6CBE900542E1B /* RaisingChildrenRecordTests.swift */,
				0CBD263520F6CBE900542E1B /* Info.plist */,
			);
			path = RaisingChildrenRecordTests;
			sourceTree = "<group>";
		};
		0CBD263D20F6CBE900542E1B /* RaisingChildrenRecordUITests */ = {
			isa = PBXGroup;
			children = (
				0CBD263E20F6CBE900542E1B /* RaisingChildrenRecordUITests.swift */,
				0CBD264020F6CBE900542E1B /* Info.plist */,
			);
			path = RaisingChildrenRecordUITests;
			sourceTree = "<group>";
		};
		538573DBEFD99BAE6FCC646A /* Frameworks */ = {
			isa = PBXGroup;
			children = (
				EC49CE53A1238CDC35587BA0 /* Pods_RaisingChildrenRecord.framework */,
				C94664E7E794C1222256125E /* Pods_RaisingChildrenRecordTests.framework */,
				49AB5209A9556868F7108ECE /* Pods_RaisingChildrenRecordUITests.framework */,
				0C995BBC2155D0DB00244E68 /* IntentsUI.framework */,
				095B40A234FDEE4504D683D4 /* Pods_RecordCreateIntentExtension.framework */,
				5AA05FB6C74EDB3D89796DFB /* Pods_CustomRealmObject.framework */,
				F917576BC9530265857FCE54 /* Pods_Shared.framework */,
				79C3F10285797D0EB4CFCF07 /* Pods_All_RaisingChildrenRecord.framework */,
				8F5DB31D376FEDB570A18180 /* Pods_All_RecordCreateIntentExtension.framework */,
				361E53E0FF583D927555B7A4 /* Pods_All_Shared.framework */,
			);
			name = Frameworks;
			sourceTree = "<group>";
		};
		9CE76AFB2187432B002B00ED /* Shared */ = {
			isa = PBXGroup;
			children = (
				0C2F9E64214DD43D00CFCD2F /* UserDefaultsKey.swift */,
				9CBAE9E5216D75BC00284EDE /* Change.swift */,
				9CBAE9E9216EFCCB00284EDE /* BabyObserver.swift */,
				9CBAE9F32172C1E000284EDE /* BabyObserverRealm.swift */,
				9CBAEA012172CC8500284EDE /* RecordObserver.swift */,
				9CBAEA032172CD2D00284EDE /* RecordObserverRealm.swift */,
				9CBAE9DF216D71D900284EDE /* BabyDao.swift */,
				9CBAE9E1216D722C00284EDE /* BabyDaoRealm.swift */,
				0C007B44214885F40001802A /* Baby.swift */,
				0C007B46214BDD9C0001802A /* Record.swift */,
				9CBAE9FF2172CBAB00284EDE /* DatabaseType.swift */,
				9CDA3267218E72E000F38D61 /* UserDefaults+Keys.swift */,
				9CBAE9F52172C95D00284EDE /* RecordDao.swift */,
				9CBAE9F92172CAA500284EDE /* RecordDaoRealm.swift */,
				9C62EB33218C1CDC005F068E /* RecordDataManager.swift */,
				9C62EB34218C1CDC005F068E /* UserDefaults+DataSuite.swift */,
				0C2F9E66214DDE7E00CFCD2F /* Command.swift */,
				9CBAE9D5216C237D00284EDE /* BabyModel.swift */,
				9CBAE9F72172C99800284EDE /* RecordModel.swift */,
				9CE76AFC2187432B002B00ED /* Shared.h */,
				9CE76AFD2187432B002B00ED /* Info.plist */,
				9CE76B172187435C002B00ED /* Utils.swift */,
				9CE76B212187D3D2002B00ED /* DataManager.swift */,
				9C186E9521B8959800A089EF /* Realm+Configuration.swift */,
			);
			path = Shared;
			sourceTree = "<group>";
		};
		9CE76B082187432B002B00ED /* SharedTests */ = {
			isa = PBXGroup;
			children = (
				9CE76B092187432B002B00ED /* SharedTests.swift */,
				9CE76B0B2187432B002B00ED /* Info.plist */,
			);
			path = SharedTests;
			sourceTree = "<group>";
		};
		D2A926F648DCFC54A064276D /* Pods */ = {
			isa = PBXGroup;
			children = (
				5104A7A4757040F08FD851B8 /* Pods-RaisingChildrenRecord.debug.xcconfig */,
				780A0AFB59F399E0E8F2A42C /* Pods-RaisingChildrenRecord.release.xcconfig */,
				A53A6EAF8CBBF298C25FE25C /* Pods-RaisingChildrenRecordTests.debug.xcconfig */,
				DC9F828907230A0FA3CF9DA4 /* Pods-RaisingChildrenRecordTests.release.xcconfig */,
				068F08107174856353C833DE /* Pods-RaisingChildrenRecordUITests.debug.xcconfig */,
				5A87CD9836F511956BF3638E /* Pods-RaisingChildrenRecordUITests.release.xcconfig */,
				029BC516EE919DB630751BBF /* Pods-RecordCreateIntentExtension.debug.xcconfig */,
				111E3B47BC71087CF433D38B /* Pods-RecordCreateIntentExtension.release.xcconfig */,
				5E349B02180E638BFB0CD454 /* Pods-CustomRealmObject.debug.xcconfig */,
				6808A71133A1834EDE85CDDF /* Pods-CustomRealmObject.release.xcconfig */,
				7255525C02F20766B49984FF /* Pods-Shared.debug.xcconfig */,
				4D49BB12B0BCAC64F5D887D3 /* Pods-Shared.release.xcconfig */,
				33EAA7F56793D44C54EEF856 /* Pods-All-RaisingChildrenRecord.debug.xcconfig */,
				2195300DEAC3D877358BCCD5 /* Pods-All-RaisingChildrenRecord.release.xcconfig */,
				3DF86A4BB5475683C3BB3928 /* Pods-All-RecordCreateIntentExtension.debug.xcconfig */,
				E69AFD3F287763B79A009EC3 /* Pods-All-RecordCreateIntentExtension.release.xcconfig */,
				8088BC7618155569E320932B /* Pods-All-Shared.debug.xcconfig */,
				DFA2DACC07E117CAE3570BC8 /* Pods-All-Shared.release.xcconfig */,
			);
			name = Pods;
			sourceTree = "<group>";
		};
/* End PBXGroup section */

/* Begin PBXHeadersBuildPhase section */
		9CE76AF52187432B002B00ED /* Headers */ = {
			isa = PBXHeadersBuildPhase;
			buildActionMask = 2147483647;
			files = (
				9CE76B0C2187432B002B00ED /* Shared.h in Headers */,
			);
			runOnlyForDeploymentPostprocessing = 0;
		};
/* End PBXHeadersBuildPhase section */

/* Begin PBXNativeTarget section */
		0C5F37DC21567597002A1B6E /* RecordCreateIntentExtension */ = {
			isa = PBXNativeTarget;
			buildConfigurationList = 0C5F37E521567597002A1B6E /* Build configuration list for PBXNativeTarget "RecordCreateIntentExtension" */;
			buildPhases = (
				E94F0B4C8A1933ACE2AE730F /* [CP] Check Pods Manifest.lock */,
				0C5F37D921567597002A1B6E /* Sources */,
				0C5F37DA21567597002A1B6E /* Frameworks */,
				0C5F37DB21567597002A1B6E /* Resources */,
			);
			buildRules = (
			);
			dependencies = (
			);
			name = RecordCreateIntentExtension;
			productName = RecordCreateIntentExtension;
			productReference = 0C5F37DD21567597002A1B6E /* RecordCreateIntentExtension.appex */;
			productType = "com.apple.product-type.app-extension";
		};
		0CBD261820F6CBE700542E1B /* RaisingChildrenRecord */ = {
			isa = PBXNativeTarget;
			buildConfigurationList = 0CBD264320F6CBE900542E1B /* Build configuration list for PBXNativeTarget "RaisingChildrenRecord" */;
			buildPhases = (
				C4B226ADA1376367CD0B339B /* [CP] Check Pods Manifest.lock */,
				0CBD261520F6CBE700542E1B /* Sources */,
				0CBD261620F6CBE700542E1B /* Frameworks */,
				0CBD261720F6CBE700542E1B /* Resources */,
				EF12941BA0F9B5EC2C1C23C6 /* [CP] Embed Pods Frameworks */,
				E13C544128DE3698B2554011 /* [CP] Copy Pods Resources */,
				0C995BD12155D0DB00244E68 /* Embed App Extensions */,
				0C0DCB0C2157272A001D1FCC /* Embed Frameworks */,
			);
			buildRules = (
			);
			dependencies = (
				0C5F37E321567597002A1B6E /* PBXTargetDependency */,
				9CE76B0E2187432B002B00ED /* PBXTargetDependency */,
			);
			name = RaisingChildrenRecord;
			productName = RaisingChildrenRecord;
			productReference = 0CBD261920F6CBE700542E1B /* RaisingChildrenRecord.app */;
			productType = "com.apple.product-type.application";
		};
		0CBD262E20F6CBE900542E1B /* RaisingChildrenRecordTests */ = {
			isa = PBXNativeTarget;
			buildConfigurationList = 0CBD264620F6CBE900542E1B /* Build configuration list for PBXNativeTarget "RaisingChildrenRecordTests" */;
			buildPhases = (
				523CC6C39723D5F21BAC0622 /* [CP] Check Pods Manifest.lock */,
				0CBD262B20F6CBE900542E1B /* Sources */,
				0CBD262C20F6CBE900542E1B /* Frameworks */,
				0CBD262D20F6CBE900542E1B /* Resources */,
			);
			buildRules = (
			);
			dependencies = (
				0CBD263120F6CBE900542E1B /* PBXTargetDependency */,
			);
			name = RaisingChildrenRecordTests;
			productName = RaisingChildrenRecordTests;
			productReference = 0CBD262F20F6CBE900542E1B /* RaisingChildrenRecordTests.xctest */;
			productType = "com.apple.product-type.bundle.unit-test";
		};
		0CBD263920F6CBE900542E1B /* RaisingChildrenRecordUITests */ = {
			isa = PBXNativeTarget;
			buildConfigurationList = 0CBD264920F6CBE900542E1B /* Build configuration list for PBXNativeTarget "RaisingChildrenRecordUITests" */;
			buildPhases = (
				6D98A9B6845C7CDCA2F767C4 /* [CP] Check Pods Manifest.lock */,
				0CBD263620F6CBE900542E1B /* Sources */,
				0CBD263720F6CBE900542E1B /* Frameworks */,
				0CBD263820F6CBE900542E1B /* Resources */,
			);
			buildRules = (
			);
			dependencies = (
				0CBD263C20F6CBE900542E1B /* PBXTargetDependency */,
			);
			name = RaisingChildrenRecordUITests;
			productName = RaisingChildrenRecordUITests;
			productReference = 0CBD263A20F6CBE900542E1B /* RaisingChildrenRecordUITests.xctest */;
			productType = "com.apple.product-type.bundle.ui-testing";
		};
		9CE76AF92187432B002B00ED /* Shared */ = {
			isa = PBXNativeTarget;
			buildConfigurationList = 9CE76B112187432B002B00ED /* Build configuration list for PBXNativeTarget "Shared" */;
			buildPhases = (
				81CF3453980252B20DD53656 /* [CP] Check Pods Manifest.lock */,
				9CE76AF52187432B002B00ED /* Headers */,
				9CE76AF62187432B002B00ED /* Sources */,
				9CE76AF72187432B002B00ED /* Frameworks */,
				9CE76AF82187432B002B00ED /* Resources */,
			);
			buildRules = (
			);
			dependencies = (
			);
			name = Shared;
			productName = Shared;
			productReference = 9CE76AFA2187432B002B00ED /* Shared.framework */;
			productType = "com.apple.product-type.framework";
		};
		9CE76B012187432B002B00ED /* SharedTests */ = {
			isa = PBXNativeTarget;
			buildConfigurationList = 9CE76B142187432B002B00ED /* Build configuration list for PBXNativeTarget "SharedTests" */;
			buildPhases = (
				9CE76AFE2187432B002B00ED /* Sources */,
				9CE76AFF2187432B002B00ED /* Frameworks */,
				9CE76B002187432B002B00ED /* Resources */,
			);
			buildRules = (
			);
			dependencies = (
				9CE76B052187432B002B00ED /* PBXTargetDependency */,
				9CE76B072187432B002B00ED /* PBXTargetDependency */,
			);
			name = SharedTests;
			productName = SharedTests;
			productReference = 9CE76B022187432B002B00ED /* SharedTests.xctest */;
			productType = "com.apple.product-type.bundle.unit-test";
		};
/* End PBXNativeTarget section */

/* Begin PBXProject section */
		0CBD261120F6CBE700542E1B /* Project object */ = {
			isa = PBXProject;
			attributes = {
				LastSwiftUpdateCheck = 1000;
				LastUpgradeCheck = 0940;
				ORGANIZATIONNAME = "松島勇貴";
				TargetAttributes = {
					0C5F37DC21567597002A1B6E = {
						CreatedOnToolsVersion = 10.0;
						SystemCapabilities = {
							com.apple.ApplicationGroups.iOS = {
								enabled = 1;
							};
						};
					};
					0CBD261820F6CBE700542E1B = {
						CreatedOnToolsVersion = 9.4.1;
						LastSwiftMigration = 1000;
						SystemCapabilities = {
							com.apple.ApplicationGroups.iOS = {
								enabled = 1;
							};
						};
					};
					0CBD262E20F6CBE900542E1B = {
						CreatedOnToolsVersion = 9.4.1;
						LastSwiftMigration = 1000;
						TestTargetID = 0CBD261820F6CBE700542E1B;
					};
					0CBD263920F6CBE900542E1B = {
						CreatedOnToolsVersion = 9.4.1;
						LastSwiftMigration = 1000;
						TestTargetID = 0CBD261820F6CBE700542E1B;
					};
					9CE76AF92187432B002B00ED = {
						CreatedOnToolsVersion = 10.0;
						LastSwiftMigration = 1000;
					};
					9CE76B012187432B002B00ED = {
						CreatedOnToolsVersion = 10.0;
						TestTargetID = 0CBD261820F6CBE700542E1B;
					};
				};
			};
			buildConfigurationList = 0CBD261420F6CBE700542E1B /* Build configuration list for PBXProject "RaisingChildrenRecord" */;
			compatibilityVersion = "Xcode 9.3";
			developmentRegion = en;
			hasScannedForEncodings = 0;
			knownRegions = (
				en,
				Base,
			);
			mainGroup = 0CBD261020F6CBE700542E1B;
			productRefGroup = 0CBD261A20F6CBE700542E1B /* Products */;
			projectDirPath = "";
			projectRoot = "";
			targets = (
				0CBD261820F6CBE700542E1B /* RaisingChildrenRecord */,
				0CBD262E20F6CBE900542E1B /* RaisingChildrenRecordTests */,
				0CBD263920F6CBE900542E1B /* RaisingChildrenRecordUITests */,
				0C5F37DC21567597002A1B6E /* RecordCreateIntentExtension */,
				9CE76AF92187432B002B00ED /* Shared */,
				9CE76B012187432B002B00ED /* SharedTests */,
			);
		};
/* End PBXProject section */

/* Begin PBXResourcesBuildPhase section */
		0C5F37DB21567597002A1B6E /* Resources */ = {
			isa = PBXResourcesBuildPhase;
			buildActionMask = 2147483647;
			files = (
			);
			runOnlyForDeploymentPostprocessing = 0;
		};
		0CBD261720F6CBE700542E1B /* Resources */ = {
			isa = PBXResourcesBuildPhase;
			buildActionMask = 2147483647;
			files = (
				0C0F7E8D210D2F520040D268 /* CustomTitleView.xib in Resources */,
				0CBD262920F6CBE900542E1B /* LaunchScreen.storyboard in Resources */,
				9CBAE9D4216AEAC000284EDE /* GoogleService-Info.plist in Resources */,
				0CBD262620F6CBE900542E1B /* Assets.xcassets in Resources */,
				0CBD262420F6CBE700542E1B /* Main.storyboard in Resources */,
			);
			runOnlyForDeploymentPostprocessing = 0;
		};
		0CBD262D20F6CBE900542E1B /* Resources */ = {
			isa = PBXResourcesBuildPhase;
			buildActionMask = 2147483647;
			files = (
			);
			runOnlyForDeploymentPostprocessing = 0;
		};
		0CBD263820F6CBE900542E1B /* Resources */ = {
			isa = PBXResourcesBuildPhase;
			buildActionMask = 2147483647;
			files = (
			);
			runOnlyForDeploymentPostprocessing = 0;
		};
		9CE76AF82187432B002B00ED /* Resources */ = {
			isa = PBXResourcesBuildPhase;
			buildActionMask = 2147483647;
			files = (
			);
			runOnlyForDeploymentPostprocessing = 0;
		};
		9CE76B002187432B002B00ED /* Resources */ = {
			isa = PBXResourcesBuildPhase;
			buildActionMask = 2147483647;
			files = (
			);
			runOnlyForDeploymentPostprocessing = 0;
		};
/* End PBXResourcesBuildPhase section */

/* Begin PBXShellScriptBuildPhase section */
		523CC6C39723D5F21BAC0622 /* [CP] Check Pods Manifest.lock */ = {
			isa = PBXShellScriptBuildPhase;
			buildActionMask = 2147483647;
			files = (
			);
			inputPaths = (
				"${PODS_PODFILE_DIR_PATH}/Podfile.lock",
				"${PODS_ROOT}/Manifest.lock",
			);
			name = "[CP] Check Pods Manifest.lock";
			outputPaths = (
				"$(DERIVED_FILE_DIR)/Pods-RaisingChildrenRecordTests-checkManifestLockResult.txt",
			);
			runOnlyForDeploymentPostprocessing = 0;
			shellPath = /bin/sh;
			shellScript = "diff \"${PODS_PODFILE_DIR_PATH}/Podfile.lock\" \"${PODS_ROOT}/Manifest.lock\" > /dev/null\nif [ $? != 0 ] ; then\n    # print error to STDERR\n    echo \"error: The sandbox is not in sync with the Podfile.lock. Run 'pod install' or update your CocoaPods installation.\" >&2\n    exit 1\nfi\n# This output is used by Xcode 'outputs' to avoid re-running this script phase.\necho \"SUCCESS\" > \"${SCRIPT_OUTPUT_FILE_0}\"\n";
			showEnvVarsInLog = 0;
		};
		6D98A9B6845C7CDCA2F767C4 /* [CP] Check Pods Manifest.lock */ = {
			isa = PBXShellScriptBuildPhase;
			buildActionMask = 2147483647;
			files = (
			);
			inputPaths = (
				"${PODS_PODFILE_DIR_PATH}/Podfile.lock",
				"${PODS_ROOT}/Manifest.lock",
			);
			name = "[CP] Check Pods Manifest.lock";
			outputPaths = (
				"$(DERIVED_FILE_DIR)/Pods-RaisingChildrenRecordUITests-checkManifestLockResult.txt",
			);
			runOnlyForDeploymentPostprocessing = 0;
			shellPath = /bin/sh;
			shellScript = "diff \"${PODS_PODFILE_DIR_PATH}/Podfile.lock\" \"${PODS_ROOT}/Manifest.lock\" > /dev/null\nif [ $? != 0 ] ; then\n    # print error to STDERR\n    echo \"error: The sandbox is not in sync with the Podfile.lock. Run 'pod install' or update your CocoaPods installation.\" >&2\n    exit 1\nfi\n# This output is used by Xcode 'outputs' to avoid re-running this script phase.\necho \"SUCCESS\" > \"${SCRIPT_OUTPUT_FILE_0}\"\n";
			showEnvVarsInLog = 0;
		};
		81CF3453980252B20DD53656 /* [CP] Check Pods Manifest.lock */ = {
			isa = PBXShellScriptBuildPhase;
			buildActionMask = 2147483647;
			files = (
			);
			inputFileListPaths = (
			);
			inputPaths = (
				"${PODS_PODFILE_DIR_PATH}/Podfile.lock",
				"${PODS_ROOT}/Manifest.lock",
			);
			name = "[CP] Check Pods Manifest.lock";
			outputFileListPaths = (
			);
			outputPaths = (
				"$(DERIVED_FILE_DIR)/Pods-Shared-checkManifestLockResult.txt",
			);
			runOnlyForDeploymentPostprocessing = 0;
			shellPath = /bin/sh;
			shellScript = "diff \"${PODS_PODFILE_DIR_PATH}/Podfile.lock\" \"${PODS_ROOT}/Manifest.lock\" > /dev/null\nif [ $? != 0 ] ; then\n    # print error to STDERR\n    echo \"error: The sandbox is not in sync with the Podfile.lock. Run 'pod install' or update your CocoaPods installation.\" >&2\n    exit 1\nfi\n# This output is used by Xcode 'outputs' to avoid re-running this script phase.\necho \"SUCCESS\" > \"${SCRIPT_OUTPUT_FILE_0}\"\n";
			showEnvVarsInLog = 0;
		};
		C4B226ADA1376367CD0B339B /* [CP] Check Pods Manifest.lock */ = {
			isa = PBXShellScriptBuildPhase;
			buildActionMask = 2147483647;
			files = (
			);
			inputPaths = (
				"${PODS_PODFILE_DIR_PATH}/Podfile.lock",
				"${PODS_ROOT}/Manifest.lock",
			);
			name = "[CP] Check Pods Manifest.lock";
			outputPaths = (
				"$(DERIVED_FILE_DIR)/Pods-RaisingChildrenRecord-checkManifestLockResult.txt",
			);
			runOnlyForDeploymentPostprocessing = 0;
			shellPath = /bin/sh;
			shellScript = "diff \"${PODS_PODFILE_DIR_PATH}/Podfile.lock\" \"${PODS_ROOT}/Manifest.lock\" > /dev/null\nif [ $? != 0 ] ; then\n    # print error to STDERR\n    echo \"error: The sandbox is not in sync with the Podfile.lock. Run 'pod install' or update your CocoaPods installation.\" >&2\n    exit 1\nfi\n# This output is used by Xcode 'outputs' to avoid re-running this script phase.\necho \"SUCCESS\" > \"${SCRIPT_OUTPUT_FILE_0}\"\n";
			showEnvVarsInLog = 0;
		};
		E13C544128DE3698B2554011 /* [CP] Copy Pods Resources */ = {
			isa = PBXShellScriptBuildPhase;
			buildActionMask = 2147483647;
			files = (
			);
			inputPaths = (
				"${SRCROOT}/Pods/Target Support Files/Pods-RaisingChildrenRecord/Pods-RaisingChildrenRecord-resources.sh",
				"${PODS_CONFIGURATION_BUILD_DIR}/FirebaseUI/FirebaseAnonymousAuthUI.bundle",
				"${PODS_CONFIGURATION_BUILD_DIR}/FirebaseUI/FirebaseAuthUI.bundle",
				"${PODS_CONFIGURATION_BUILD_DIR}/FirebaseUI/FirebaseFacebookAuthUI.bundle",
				"${PODS_CONFIGURATION_BUILD_DIR}/FirebaseUI/FirebaseGoogleAuthUI.bundle",
				"${PODS_CONFIGURATION_BUILD_DIR}/FirebaseUI/FirebasePhoneAuthUI.bundle",
				"${PODS_CONFIGURATION_BUILD_DIR}/FirebaseUI/FirebaseTwitterAuthUI.bundle",
				"${PODS_ROOT}/GoogleSignIn/Resources/GoogleSignIn.bundle",
				"${PODS_ROOT}/TwitterKit/iOS/TwitterKit.framework/TwitterKitResources.bundle",
			);
			name = "[CP] Copy Pods Resources";
			outputPaths = (
				"${TARGET_BUILD_DIR}/${UNLOCALIZED_RESOURCES_FOLDER_PATH}/FirebaseAnonymousAuthUI.bundle",
				"${TARGET_BUILD_DIR}/${UNLOCALIZED_RESOURCES_FOLDER_PATH}/FirebaseAuthUI.bundle",
				"${TARGET_BUILD_DIR}/${UNLOCALIZED_RESOURCES_FOLDER_PATH}/FirebaseFacebookAuthUI.bundle",
				"${TARGET_BUILD_DIR}/${UNLOCALIZED_RESOURCES_FOLDER_PATH}/FirebaseGoogleAuthUI.bundle",
				"${TARGET_BUILD_DIR}/${UNLOCALIZED_RESOURCES_FOLDER_PATH}/FirebasePhoneAuthUI.bundle",
				"${TARGET_BUILD_DIR}/${UNLOCALIZED_RESOURCES_FOLDER_PATH}/FirebaseTwitterAuthUI.bundle",
				"${TARGET_BUILD_DIR}/${UNLOCALIZED_RESOURCES_FOLDER_PATH}/GoogleSignIn.bundle",
				"${TARGET_BUILD_DIR}/${UNLOCALIZED_RESOURCES_FOLDER_PATH}/TwitterKitResources.bundle",
			);
			runOnlyForDeploymentPostprocessing = 0;
			shellPath = /bin/sh;
			shellScript = "\"${SRCROOT}/Pods/Target Support Files/Pods-RaisingChildrenRecord/Pods-RaisingChildrenRecord-resources.sh\"\n";
			showEnvVarsInLog = 0;
		};
		E94F0B4C8A1933ACE2AE730F /* [CP] Check Pods Manifest.lock */ = {
			isa = PBXShellScriptBuildPhase;
			buildActionMask = 2147483647;
			files = (
			);
			inputFileListPaths = (
			);
			inputPaths = (
				"${PODS_PODFILE_DIR_PATH}/Podfile.lock",
				"${PODS_ROOT}/Manifest.lock",
			);
			name = "[CP] Check Pods Manifest.lock";
			outputFileListPaths = (
			);
			outputPaths = (
				"$(DERIVED_FILE_DIR)/Pods-RecordCreateIntentExtension-checkManifestLockResult.txt",
			);
			runOnlyForDeploymentPostprocessing = 0;
			shellPath = /bin/sh;
			shellScript = "diff \"${PODS_PODFILE_DIR_PATH}/Podfile.lock\" \"${PODS_ROOT}/Manifest.lock\" > /dev/null\nif [ $? != 0 ] ; then\n    # print error to STDERR\n    echo \"error: The sandbox is not in sync with the Podfile.lock. Run 'pod install' or update your CocoaPods installation.\" >&2\n    exit 1\nfi\n# This output is used by Xcode 'outputs' to avoid re-running this script phase.\necho \"SUCCESS\" > \"${SCRIPT_OUTPUT_FILE_0}\"\n";
			showEnvVarsInLog = 0;
		};
		EF12941BA0F9B5EC2C1C23C6 /* [CP] Embed Pods Frameworks */ = {
			isa = PBXShellScriptBuildPhase;
			buildActionMask = 2147483647;
			files = (
			);
			inputPaths = (
				"${SRCROOT}/Pods/Target Support Files/Pods-RaisingChildrenRecord/Pods-RaisingChildrenRecord-frameworks.sh",
				"${BUILT_PRODUCTS_DIR}/GoogleUtilities-Environment-Logger/GoogleUtilities.framework",
				"${BUILT_PRODUCTS_DIR}/leveldb-library/leveldb.framework",
				"${BUILT_PRODUCTS_DIR}/nanopb/nanopb.framework",
				"${BUILT_PRODUCTS_DIR}/Bolts/Bolts.framework",
				"${BUILT_PRODUCTS_DIR}/BoringSSL/openssl.framework",
				"${BUILT_PRODUCTS_DIR}/FBSDKCoreKit/FBSDKCoreKit.framework",
				"${BUILT_PRODUCTS_DIR}/FBSDKLoginKit/FBSDKLoginKit.framework",
				"${BUILT_PRODUCTS_DIR}/GTMOAuth2/GTMOAuth2.framework",
				"${BUILT_PRODUCTS_DIR}/GTMSessionFetcher/GTMSessionFetcher.framework",
				"${BUILT_PRODUCTS_DIR}/GoogleToolboxForMac/GoogleToolboxForMac.framework",
				"${BUILT_PRODUCTS_DIR}/Protobuf/Protobuf.framework",
				"${BUILT_PRODUCTS_DIR}/SDWebImage/SDWebImage.framework",
				"${PODS_ROOT}/TwitterCore/iOS/TwitterCore.framework",
				"${PODS_ROOT}/TwitterKit/iOS/TwitterKit.framework",
				"${BUILT_PRODUCTS_DIR}/gRPC/GRPCClient.framework",
				"${BUILT_PRODUCTS_DIR}/gRPC-C++/grpcpp.framework",
				"${BUILT_PRODUCTS_DIR}/gRPC-Core/grpc.framework",
				"${BUILT_PRODUCTS_DIR}/gRPC-ProtoRPC/ProtoRPC.framework",
				"${BUILT_PRODUCTS_DIR}/gRPC-RxLibrary/RxLibrary.framework",
				"${BUILT_PRODUCTS_DIR}/GoogleUtilities-00567490/GoogleUtilities.framework",
				"${BUILT_PRODUCTS_DIR}/Realm/Realm.framework",
				"${BUILT_PRODUCTS_DIR}/RealmSwift/RealmSwift.framework",
			);
			name = "[CP] Embed Pods Frameworks";
			outputPaths = (
				"${TARGET_BUILD_DIR}/${FRAMEWORKS_FOLDER_PATH}/GoogleUtilities.framework",
				"${TARGET_BUILD_DIR}/${FRAMEWORKS_FOLDER_PATH}/leveldb.framework",
				"${TARGET_BUILD_DIR}/${FRAMEWORKS_FOLDER_PATH}/nanopb.framework",
				"${TARGET_BUILD_DIR}/${FRAMEWORKS_FOLDER_PATH}/Bolts.framework",
				"${TARGET_BUILD_DIR}/${FRAMEWORKS_FOLDER_PATH}/openssl.framework",
				"${TARGET_BUILD_DIR}/${FRAMEWORKS_FOLDER_PATH}/FBSDKCoreKit.framework",
				"${TARGET_BUILD_DIR}/${FRAMEWORKS_FOLDER_PATH}/FBSDKLoginKit.framework",
				"${TARGET_BUILD_DIR}/${FRAMEWORKS_FOLDER_PATH}/GTMOAuth2.framework",
				"${TARGET_BUILD_DIR}/${FRAMEWORKS_FOLDER_PATH}/GTMSessionFetcher.framework",
				"${TARGET_BUILD_DIR}/${FRAMEWORKS_FOLDER_PATH}/GoogleToolboxForMac.framework",
				"${TARGET_BUILD_DIR}/${FRAMEWORKS_FOLDER_PATH}/Protobuf.framework",
				"${TARGET_BUILD_DIR}/${FRAMEWORKS_FOLDER_PATH}/SDWebImage.framework",
				"${TARGET_BUILD_DIR}/${FRAMEWORKS_FOLDER_PATH}/TwitterCore.framework",
				"${TARGET_BUILD_DIR}/${FRAMEWORKS_FOLDER_PATH}/TwitterKit.framework",
				"${TARGET_BUILD_DIR}/${FRAMEWORKS_FOLDER_PATH}/GRPCClient.framework",
				"${TARGET_BUILD_DIR}/${FRAMEWORKS_FOLDER_PATH}/grpcpp.framework",
				"${TARGET_BUILD_DIR}/${FRAMEWORKS_FOLDER_PATH}/grpc.framework",
				"${TARGET_BUILD_DIR}/${FRAMEWORKS_FOLDER_PATH}/ProtoRPC.framework",
				"${TARGET_BUILD_DIR}/${FRAMEWORKS_FOLDER_PATH}/RxLibrary.framework",
				"${TARGET_BUILD_DIR}/${FRAMEWORKS_FOLDER_PATH}/Realm.framework",
				"${TARGET_BUILD_DIR}/${FRAMEWORKS_FOLDER_PATH}/RealmSwift.framework",
			);
			runOnlyForDeploymentPostprocessing = 0;
			shellPath = /bin/sh;
			shellScript = "\"${SRCROOT}/Pods/Target Support Files/Pods-RaisingChildrenRecord/Pods-RaisingChildrenRecord-frameworks.sh\"\n";
			showEnvVarsInLog = 0;
		};
/* End PBXShellScriptBuildPhase section */

/* Begin PBXSourcesBuildPhase section */
		0C5F37D921567597002A1B6E /* Sources */ = {
			isa = PBXSourcesBuildPhase;
			buildActionMask = 2147483647;
			files = (
				0C5F37EA2156781D002A1B6E /* Intents.intentdefinition in Sources */,
				0C5F37E021567597002A1B6E /* IntentHandler.swift in Sources */,
			);
			runOnlyForDeploymentPostprocessing = 0;
		};
		0CBD261520F6CBE700542E1B /* Sources */ = {
			isa = PBXSourcesBuildPhase;
			buildActionMask = 2147483647;
			files = (
				9C186EA721BBBFBA00A089EF /* BabyObserverFirebase.swift in Sources */,
				9CE76AF421854F7D002B00ED /* PickerViewController.swift in Sources */,
				9C186EA921BBBFBA00A089EF /* FirebaseApp+ConfigureIfNeed.swift in Sources */,
				0C5F37E92156781D002A1B6E /* Intents.intentdefinition in Sources */,
				0CC2B8C021568A8E00F92645 /* IntentHandler.swift in Sources */,
				0C007B432147F0C80001802A /* CustomCollectionViewCell.swift in Sources */,
				9C186EAE21BBBFBA00A089EF /* RecordDaoFirebase.swift in Sources */,
				0C0DCB142159AC28001D1FCC /* EditBabyViewController.swift in Sources */,
				0C0F7E8F210D30750040D268 /* UICustomTitleView.swift in Sources */,
				0C2F9E69214F23C400CFCD2F /* EditMilkViewController.swift in Sources */,
				9C186EAB21BBBFBA00A089EF /* RecordObserverFactory.swift in Sources */,
				0CBD262120F6CBE700542E1B /* SecondViewController.swift in Sources */,
				9C186EA521BB6C1C00A089EF /* FamilyIdObserver.swift in Sources */,
				9CBAE9D2216AE19800284EDE /* CreateFamilyViewController.swift in Sources */,
				0C39F7A121069ABC00302D76 /* PageViewController.swift in Sources */,
				9C23DBE421679DCA0091970A /* FamilyIdAndPasscodeViewController.swift in Sources */,
				9C23DBE621682F580091970A /* JoinFamilyViewController.swift in Sources */,
				0CBD261D20F6CBE700542E1B /* AppDelegate.swift in Sources */,
				9C186EAC21BBBFBA00A089EF /* BabyDaoFactory.swift in Sources */,
				9C186EA621BBBFBA00A089EF /* BabyDaoFirebase.swift in Sources */,
				0CBD261F20F6CBE700542E1B /* FirstViewController.swift in Sources */,
				9C186EAA21BBBFBA00A089EF /* BabyObserverFactory.swift in Sources */,
				9C186EA821BBBFBA00A089EF /* RecordDaoFactory.swift in Sources */,
				0C007B3F2145075F0001802A /* RecordsViewController.swift in Sources */,
				9C186EAD21BBBFBA00A089EF /* RecordObserverFirebase.swift in Sources */,
			);
			runOnlyForDeploymentPostprocessing = 0;
		};
		0CBD262B20F6CBE900542E1B /* Sources */ = {
			isa = PBXSourcesBuildPhase;
			buildActionMask = 2147483647;
			files = (
				0CBD263420F6CBE900542E1B /* RaisingChildrenRecordTests.swift in Sources */,
			);
			runOnlyForDeploymentPostprocessing = 0;
		};
		0CBD263620F6CBE900542E1B /* Sources */ = {
			isa = PBXSourcesBuildPhase;
			buildActionMask = 2147483647;
			files = (
				0CBD263F20F6CBE900542E1B /* RaisingChildrenRecordUITests.swift in Sources */,
			);
			runOnlyForDeploymentPostprocessing = 0;
		};
		9CE76AF62187432B002B00ED /* Sources */ = {
			isa = PBXSourcesBuildPhase;
			buildActionMask = 2147483647;
			files = (
				9C186E9D21BB675C00A089EF /* RecordObserver.swift in Sources */,
				9CDA3268218E72E000F38D61 /* UserDefaults+Keys.swift in Sources */,
				9C186EA121BB675C00A089EF /* RecordObserverRealm.swift in Sources */,
				9CE76B1B2187CDF3002B00ED /* RecordModel.swift in Sources */,
				9CDA326B218E739500F38D61 /* BabyDaoRealm.swift in Sources */,
				9CDA3262218E6F5200F38D61 /* RecordDaoRealm.swift in Sources */,
				9CE76B222187D3D2002B00ED /* DataManager.swift in Sources */,
				9CDA3260218E6F5200F38D61 /* Record.swift in Sources */,
				9C62EB35218C1CDC005F068E /* RecordDataManager.swift in Sources */,
				9C62EB36218C1CDC005F068E /* UserDefaults+DataSuite.swift in Sources */,
				9C186EA421BB6A1000A089EF /* UserDefaultsKey.swift in Sources */,
				9CDA3261218E6F5200F38D61 /* RecordDao.swift in Sources */,
				9CE76B182187435C002B00ED /* Utils.swift in Sources */,
				9C186E9A21BB675C00A089EF /* BabyObserver.swift in Sources */,
				9CDA3264218E6F5200F38D61 /* DatabaseType.swift in Sources */,
				9C186E9621B8959800A089EF /* Realm+Configuration.swift in Sources */,
				9CDA326D218E739500F38D61 /* BabyDao.swift in Sources */,
				9C186E9F21BB675C00A089EF /* BabyObserverRealm.swift in Sources */,
				9CE76B1D2187CE4B002B00ED /* BabyModel.swift in Sources */,
				9CDA3269218E739500F38D61 /* Baby.swift in Sources */,
				9C186EA321BB699C00A089EF /* Change.swift in Sources */,
				9CE76B1E2187CE51002B00ED /* Command.swift in Sources */,
			);
			runOnlyForDeploymentPostprocessing = 0;
		};
		9CE76AFE2187432B002B00ED /* Sources */ = {
			isa = PBXSourcesBuildPhase;
			buildActionMask = 2147483647;
			files = (
				9CE76B0A2187432B002B00ED /* SharedTests.swift in Sources */,
			);
			runOnlyForDeploymentPostprocessing = 0;
		};
/* End PBXSourcesBuildPhase section */

/* Begin PBXTargetDependency section */
		0C5F37E321567597002A1B6E /* PBXTargetDependency */ = {
			isa = PBXTargetDependency;
			target = 0C5F37DC21567597002A1B6E /* RecordCreateIntentExtension */;
			targetProxy = 0C5F37E221567597002A1B6E /* PBXContainerItemProxy */;
		};
		0CBD263120F6CBE900542E1B /* PBXTargetDependency */ = {
			isa = PBXTargetDependency;
			target = 0CBD261820F6CBE700542E1B /* RaisingChildrenRecord */;
			targetProxy = 0CBD263020F6CBE900542E1B /* PBXContainerItemProxy */;
		};
		0CBD263C20F6CBE900542E1B /* PBXTargetDependency */ = {
			isa = PBXTargetDependency;
			target = 0CBD261820F6CBE700542E1B /* RaisingChildrenRecord */;
			targetProxy = 0CBD263B20F6CBE900542E1B /* PBXContainerItemProxy */;
		};
		9CE76B052187432B002B00ED /* PBXTargetDependency */ = {
			isa = PBXTargetDependency;
			target = 9CE76AF92187432B002B00ED /* Shared */;
			targetProxy = 9CE76B042187432B002B00ED /* PBXContainerItemProxy */;
		};
		9CE76B072187432B002B00ED /* PBXTargetDependency */ = {
			isa = PBXTargetDependency;
			target = 0CBD261820F6CBE700542E1B /* RaisingChildrenRecord */;
			targetProxy = 9CE76B062187432B002B00ED /* PBXContainerItemProxy */;
		};
		9CE76B0E2187432B002B00ED /* PBXTargetDependency */ = {
			isa = PBXTargetDependency;
			target = 9CE76AF92187432B002B00ED /* Shared */;
			targetProxy = 9CE76B0D2187432B002B00ED /* PBXContainerItemProxy */;
		};
/* End PBXTargetDependency section */

/* Begin PBXVariantGroup section */
		0CBD262220F6CBE700542E1B /* Main.storyboard */ = {
			isa = PBXVariantGroup;
			children = (
				0CBD262320F6CBE700542E1B /* Base */,
			);
			name = Main.storyboard;
			sourceTree = "<group>";
		};
		0CBD262720F6CBE900542E1B /* LaunchScreen.storyboard */ = {
			isa = PBXVariantGroup;
			children = (
				0CBD262820F6CBE900542E1B /* Base */,
			);
			name = LaunchScreen.storyboard;
			sourceTree = "<group>";
		};
/* End PBXVariantGroup section */

/* Begin XCBuildConfiguration section */
		0C5F37E621567597002A1B6E /* Debug */ = {
			isa = XCBuildConfiguration;
			baseConfigurationReference = 029BC516EE919DB630751BBF /* Pods-RecordCreateIntentExtension.debug.xcconfig */;
			buildSettings = {
				CODE_SIGN_ENTITLEMENTS = RecordCreateIntentExtension/RecordCreateIntentExtension.entitlements;
				CODE_SIGN_STYLE = Automatic;
				DEVELOPMENT_TEAM = U7VG5Q4924;
				INFOPLIST_FILE = RecordCreateIntentExtension/Info.plist;
				IPHONEOS_DEPLOYMENT_TARGET = 12.0;
				LD_RUNPATH_SEARCH_PATHS = (
					"$(inherited)",
					"@executable_path/Frameworks",
					"@executable_path/../../Frameworks",
				);
				MTL_ENABLE_DEBUG_INFO = INCLUDE_SOURCE;
				MTL_FAST_MATH = YES;
				PRODUCT_BUNDLE_IDENTIFIER = blue.macho.RaisingChildrenRecord.RecordCreateIntentExtension;
				PRODUCT_NAME = "$(TARGET_NAME)";
				SKIP_INSTALL = YES;
				SWIFT_VERSION = 4.2;
				TARGETED_DEVICE_FAMILY = "1,2";
			};
			name = Debug;
		};
		0C5F37E721567597002A1B6E /* Release */ = {
			isa = XCBuildConfiguration;
			baseConfigurationReference = 111E3B47BC71087CF433D38B /* Pods-RecordCreateIntentExtension.release.xcconfig */;
			buildSettings = {
				CODE_SIGN_ENTITLEMENTS = RecordCreateIntentExtension/RecordCreateIntentExtension.entitlements;
				CODE_SIGN_STYLE = Automatic;
				DEVELOPMENT_TEAM = U7VG5Q4924;
				INFOPLIST_FILE = RecordCreateIntentExtension/Info.plist;
				IPHONEOS_DEPLOYMENT_TARGET = 12.0;
				LD_RUNPATH_SEARCH_PATHS = (
					"$(inherited)",
					"@executable_path/Frameworks",
					"@executable_path/../../Frameworks",
				);
				MTL_FAST_MATH = YES;
				PRODUCT_BUNDLE_IDENTIFIER = blue.macho.RaisingChildrenRecord.RecordCreateIntentExtension;
				PRODUCT_NAME = "$(TARGET_NAME)";
				SKIP_INSTALL = YES;
				SWIFT_VERSION = 4.2;
				TARGETED_DEVICE_FAMILY = "1,2";
			};
			name = Release;
		};
		0CBD264120F6CBE900542E1B /* Debug */ = {
			isa = XCBuildConfiguration;
			buildSettings = {
				ALWAYS_SEARCH_USER_PATHS = NO;
				CLANG_ANALYZER_NONNULL = YES;
				CLANG_ANALYZER_NUMBER_OBJECT_CONVERSION = YES_AGGRESSIVE;
				CLANG_CXX_LANGUAGE_STANDARD = "gnu++14";
				CLANG_CXX_LIBRARY = "libc++";
				CLANG_ENABLE_MODULES = YES;
				CLANG_ENABLE_OBJC_ARC = YES;
				CLANG_ENABLE_OBJC_WEAK = YES;
				CLANG_WARN_BLOCK_CAPTURE_AUTORELEASING = YES;
				CLANG_WARN_BOOL_CONVERSION = YES;
				CLANG_WARN_COMMA = YES;
				CLANG_WARN_CONSTANT_CONVERSION = YES;
				CLANG_WARN_DEPRECATED_OBJC_IMPLEMENTATIONS = YES;
				CLANG_WARN_DIRECT_OBJC_ISA_USAGE = YES_ERROR;
				CLANG_WARN_DOCUMENTATION_COMMENTS = YES;
				CLANG_WARN_EMPTY_BODY = YES;
				CLANG_WARN_ENUM_CONVERSION = YES;
				CLANG_WARN_INFINITE_RECURSION = YES;
				CLANG_WARN_INT_CONVERSION = YES;
				CLANG_WARN_NON_LITERAL_NULL_CONVERSION = YES;
				CLANG_WARN_OBJC_IMPLICIT_RETAIN_SELF = YES;
				CLANG_WARN_OBJC_LITERAL_CONVERSION = YES;
				CLANG_WARN_OBJC_ROOT_CLASS = YES_ERROR;
				CLANG_WARN_RANGE_LOOP_ANALYSIS = YES;
				CLANG_WARN_STRICT_PROTOTYPES = YES;
				CLANG_WARN_SUSPICIOUS_MOVE = YES;
				CLANG_WARN_UNGUARDED_AVAILABILITY = YES_AGGRESSIVE;
				CLANG_WARN_UNREACHABLE_CODE = YES;
				CLANG_WARN__DUPLICATE_METHOD_MATCH = YES;
				CODE_SIGN_IDENTITY = "iPhone Developer";
				COPY_PHASE_STRIP = NO;
				DEBUG_INFORMATION_FORMAT = dwarf;
				ENABLE_STRICT_OBJC_MSGSEND = YES;
				ENABLE_TESTABILITY = YES;
				GCC_C_LANGUAGE_STANDARD = gnu11;
				GCC_DYNAMIC_NO_PIC = NO;
				GCC_NO_COMMON_BLOCKS = YES;
				GCC_OPTIMIZATION_LEVEL = 0;
				GCC_PREPROCESSOR_DEFINITIONS = (
					"DEBUG=1",
					"$(inherited)",
				);
				GCC_WARN_64_TO_32_BIT_CONVERSION = YES;
				GCC_WARN_ABOUT_RETURN_TYPE = YES_ERROR;
				GCC_WARN_UNDECLARED_SELECTOR = YES;
				GCC_WARN_UNINITIALIZED_AUTOS = YES_AGGRESSIVE;
				GCC_WARN_UNUSED_FUNCTION = YES;
				GCC_WARN_UNUSED_VARIABLE = YES;
				IPHONEOS_DEPLOYMENT_TARGET = 12.0;
				MTL_ENABLE_DEBUG_INFO = YES;
				ONLY_ACTIVE_ARCH = YES;
				SDKROOT = iphoneos;
				SWIFT_ACTIVE_COMPILATION_CONDITIONS = DEBUG;
				SWIFT_OPTIMIZATION_LEVEL = "-Onone";
			};
			name = Debug;
		};
		0CBD264220F6CBE900542E1B /* Release */ = {
			isa = XCBuildConfiguration;
			buildSettings = {
				ALWAYS_SEARCH_USER_PATHS = NO;
				CLANG_ANALYZER_NONNULL = YES;
				CLANG_ANALYZER_NUMBER_OBJECT_CONVERSION = YES_AGGRESSIVE;
				CLANG_CXX_LANGUAGE_STANDARD = "gnu++14";
				CLANG_CXX_LIBRARY = "libc++";
				CLANG_ENABLE_MODULES = YES;
				CLANG_ENABLE_OBJC_ARC = YES;
				CLANG_ENABLE_OBJC_WEAK = YES;
				CLANG_WARN_BLOCK_CAPTURE_AUTORELEASING = YES;
				CLANG_WARN_BOOL_CONVERSION = YES;
				CLANG_WARN_COMMA = YES;
				CLANG_WARN_CONSTANT_CONVERSION = YES;
				CLANG_WARN_DEPRECATED_OBJC_IMPLEMENTATIONS = YES;
				CLANG_WARN_DIRECT_OBJC_ISA_USAGE = YES_ERROR;
				CLANG_WARN_DOCUMENTATION_COMMENTS = YES;
				CLANG_WARN_EMPTY_BODY = YES;
				CLANG_WARN_ENUM_CONVERSION = YES;
				CLANG_WARN_INFINITE_RECURSION = YES;
				CLANG_WARN_INT_CONVERSION = YES;
				CLANG_WARN_NON_LITERAL_NULL_CONVERSION = YES;
				CLANG_WARN_OBJC_IMPLICIT_RETAIN_SELF = YES;
				CLANG_WARN_OBJC_LITERAL_CONVERSION = YES;
				CLANG_WARN_OBJC_ROOT_CLASS = YES_ERROR;
				CLANG_WARN_RANGE_LOOP_ANALYSIS = YES;
				CLANG_WARN_STRICT_PROTOTYPES = YES;
				CLANG_WARN_SUSPICIOUS_MOVE = YES;
				CLANG_WARN_UNGUARDED_AVAILABILITY = YES_AGGRESSIVE;
				CLANG_WARN_UNREACHABLE_CODE = YES;
				CLANG_WARN__DUPLICATE_METHOD_MATCH = YES;
				CODE_SIGN_IDENTITY = "iPhone Developer";
				COPY_PHASE_STRIP = NO;
				DEBUG_INFORMATION_FORMAT = "dwarf-with-dsym";
				ENABLE_NS_ASSERTIONS = NO;
				ENABLE_STRICT_OBJC_MSGSEND = YES;
				GCC_C_LANGUAGE_STANDARD = gnu11;
				GCC_NO_COMMON_BLOCKS = YES;
				GCC_WARN_64_TO_32_BIT_CONVERSION = YES;
				GCC_WARN_ABOUT_RETURN_TYPE = YES_ERROR;
				GCC_WARN_UNDECLARED_SELECTOR = YES;
				GCC_WARN_UNINITIALIZED_AUTOS = YES_AGGRESSIVE;
				GCC_WARN_UNUSED_FUNCTION = YES;
				GCC_WARN_UNUSED_VARIABLE = YES;
				IPHONEOS_DEPLOYMENT_TARGET = 12.0;
				MTL_ENABLE_DEBUG_INFO = NO;
				SDKROOT = iphoneos;
				SWIFT_COMPILATION_MODE = wholemodule;
				SWIFT_OPTIMIZATION_LEVEL = "-O";
				VALIDATE_PRODUCT = YES;
			};
			name = Release;
		};
		0CBD264420F6CBE900542E1B /* Debug */ = {
			isa = XCBuildConfiguration;
			baseConfigurationReference = 5104A7A4757040F08FD851B8 /* Pods-RaisingChildrenRecord.debug.xcconfig */;
			buildSettings = {
				ALWAYS_EMBED_SWIFT_STANDARD_LIBRARIES = YES;
				ASSETCATALOG_COMPILER_APPICON_NAME = AppIcon;
				CODE_SIGN_ENTITLEMENTS = RaisingChildrenRecord/RaisingChildrenRecord.entitlements;
				CODE_SIGN_STYLE = Automatic;
				DEVELOPMENT_TEAM = U7VG5Q4924;
				INFOPLIST_FILE = RaisingChildrenRecord/Info.plist;
				LD_RUNPATH_SEARCH_PATHS = (
					"$(inherited)",
					"@executable_path/Frameworks",
				);
				PRODUCT_BUNDLE_IDENTIFIER = blue.macho.RaisingChildrenRecord;
				PRODUCT_NAME = "$(TARGET_NAME)";
				SWIFT_VERSION = 4.2;
				TARGETED_DEVICE_FAMILY = "1,2";
			};
			name = Debug;
		};
		0CBD264520F6CBE900542E1B /* Release */ = {
			isa = XCBuildConfiguration;
			baseConfigurationReference = 780A0AFB59F399E0E8F2A42C /* Pods-RaisingChildrenRecord.release.xcconfig */;
			buildSettings = {
				ALWAYS_EMBED_SWIFT_STANDARD_LIBRARIES = YES;
				ASSETCATALOG_COMPILER_APPICON_NAME = AppIcon;
				CODE_SIGN_ENTITLEMENTS = RaisingChildrenRecord/RaisingChildrenRecord.entitlements;
				CODE_SIGN_STYLE = Automatic;
				DEVELOPMENT_TEAM = U7VG5Q4924;
				INFOPLIST_FILE = RaisingChildrenRecord/Info.plist;
				LD_RUNPATH_SEARCH_PATHS = (
					"$(inherited)",
					"@executable_path/Frameworks",
				);
				PRODUCT_BUNDLE_IDENTIFIER = blue.macho.RaisingChildrenRecord;
				PRODUCT_NAME = "$(TARGET_NAME)";
				SWIFT_VERSION = 4.2;
				TARGETED_DEVICE_FAMILY = "1,2";
			};
			name = Release;
		};
		0CBD264720F6CBE900542E1B /* Debug */ = {
			isa = XCBuildConfiguration;
			baseConfigurationReference = A53A6EAF8CBBF298C25FE25C /* Pods-RaisingChildrenRecordTests.debug.xcconfig */;
			buildSettings = {
				ALWAYS_EMBED_SWIFT_STANDARD_LIBRARIES = YES;
				BUNDLE_LOADER = "$(TEST_HOST)";
				CODE_SIGN_STYLE = Automatic;
				DEVELOPMENT_TEAM = U7VG5Q4924;
				INFOPLIST_FILE = RaisingChildrenRecordTests/Info.plist;
				LD_RUNPATH_SEARCH_PATHS = (
					"$(inherited)",
					"@executable_path/Frameworks",
					"@loader_path/Frameworks",
				);
				PRODUCT_BUNDLE_IDENTIFIER = blue.macho.RaisingChildrenRecordTests;
				PRODUCT_NAME = "$(TARGET_NAME)";
				SWIFT_VERSION = 4.2;
				TARGETED_DEVICE_FAMILY = "1,2";
				TEST_HOST = "$(BUILT_PRODUCTS_DIR)/RaisingChildrenRecord.app/RaisingChildrenRecord";
			};
			name = Debug;
		};
		0CBD264820F6CBE900542E1B /* Release */ = {
			isa = XCBuildConfiguration;
			baseConfigurationReference = DC9F828907230A0FA3CF9DA4 /* Pods-RaisingChildrenRecordTests.release.xcconfig */;
			buildSettings = {
				ALWAYS_EMBED_SWIFT_STANDARD_LIBRARIES = YES;
				BUNDLE_LOADER = "$(TEST_HOST)";
				CODE_SIGN_STYLE = Automatic;
				DEVELOPMENT_TEAM = U7VG5Q4924;
				INFOPLIST_FILE = RaisingChildrenRecordTests/Info.plist;
				LD_RUNPATH_SEARCH_PATHS = (
					"$(inherited)",
					"@executable_path/Frameworks",
					"@loader_path/Frameworks",
				);
				PRODUCT_BUNDLE_IDENTIFIER = blue.macho.RaisingChildrenRecordTests;
				PRODUCT_NAME = "$(TARGET_NAME)";
				SWIFT_VERSION = 4.2;
				TARGETED_DEVICE_FAMILY = "1,2";
				TEST_HOST = "$(BUILT_PRODUCTS_DIR)/RaisingChildrenRecord.app/RaisingChildrenRecord";
			};
			name = Release;
		};
		0CBD264A20F6CBE900542E1B /* Debug */ = {
			isa = XCBuildConfiguration;
			baseConfigurationReference = 068F08107174856353C833DE /* Pods-RaisingChildrenRecordUITests.debug.xcconfig */;
			buildSettings = {
				ALWAYS_EMBED_SWIFT_STANDARD_LIBRARIES = YES;
				CODE_SIGN_STYLE = Automatic;
				DEVELOPMENT_TEAM = U7VG5Q4924;
				INFOPLIST_FILE = RaisingChildrenRecordUITests/Info.plist;
				LD_RUNPATH_SEARCH_PATHS = (
					"$(inherited)",
					"@executable_path/Frameworks",
					"@loader_path/Frameworks",
				);
				PRODUCT_BUNDLE_IDENTIFIER = blue.macho.RaisingChildrenRecordUITests;
				PRODUCT_NAME = "$(TARGET_NAME)";
				SWIFT_VERSION = 4.2;
				TARGETED_DEVICE_FAMILY = "1,2";
				TEST_TARGET_NAME = RaisingChildrenRecord;
			};
			name = Debug;
		};
		0CBD264B20F6CBE900542E1B /* Release */ = {
			isa = XCBuildConfiguration;
			baseConfigurationReference = 5A87CD9836F511956BF3638E /* Pods-RaisingChildrenRecordUITests.release.xcconfig */;
			buildSettings = {
				ALWAYS_EMBED_SWIFT_STANDARD_LIBRARIES = YES;
				CODE_SIGN_STYLE = Automatic;
				DEVELOPMENT_TEAM = U7VG5Q4924;
				INFOPLIST_FILE = RaisingChildrenRecordUITests/Info.plist;
				LD_RUNPATH_SEARCH_PATHS = (
					"$(inherited)",
					"@executable_path/Frameworks",
					"@loader_path/Frameworks",
				);
				PRODUCT_BUNDLE_IDENTIFIER = blue.macho.RaisingChildrenRecordUITests;
				PRODUCT_NAME = "$(TARGET_NAME)";
				SWIFT_VERSION = 4.2;
				TARGETED_DEVICE_FAMILY = "1,2";
				TEST_TARGET_NAME = RaisingChildrenRecord;
			};
			name = Release;
		};
		9CE76B122187432B002B00ED /* Debug */ = {
			isa = XCBuildConfiguration;
			baseConfigurationReference = 7255525C02F20766B49984FF /* Pods-Shared.debug.xcconfig */;
			buildSettings = {
				CLANG_ENABLE_MODULES = YES;
				CODE_SIGN_IDENTITY = "";
				CODE_SIGN_STYLE = Automatic;
				CURRENT_PROJECT_VERSION = 1;
				DEFINES_MODULE = YES;
				DEVELOPMENT_TEAM = U7VG5Q4924;
				DYLIB_COMPATIBILITY_VERSION = 1;
				DYLIB_CURRENT_VERSION = 1;
				DYLIB_INSTALL_NAME_BASE = "@rpath";
				INFOPLIST_FILE = Shared/Info.plist;
				INSTALL_PATH = "$(LOCAL_LIBRARY_DIR)/Frameworks";
				LD_RUNPATH_SEARCH_PATHS = (
					"$(inherited)",
					"@executable_path/Frameworks",
					"@loader_path/Frameworks",
				);
				MTL_ENABLE_DEBUG_INFO = INCLUDE_SOURCE;
				MTL_FAST_MATH = YES;
				PRODUCT_BUNDLE_IDENTIFIER = blue.macho.Shared;
				PRODUCT_NAME = "$(TARGET_NAME:c99extidentifier)";
				SKIP_INSTALL = YES;
				SWIFT_OPTIMIZATION_LEVEL = "-Onone";
				SWIFT_VERSION = 4.2;
				TARGETED_DEVICE_FAMILY = "1,2";
				VERSIONING_SYSTEM = "apple-generic";
				VERSION_INFO_PREFIX = "";
			};
			name = Debug;
		};
		9CE76B132187432B002B00ED /* Release */ = {
			isa = XCBuildConfiguration;
			baseConfigurationReference = 4D49BB12B0BCAC64F5D887D3 /* Pods-Shared.release.xcconfig */;
			buildSettings = {
				CLANG_ENABLE_MODULES = YES;
				CODE_SIGN_IDENTITY = "";
				CODE_SIGN_STYLE = Automatic;
				CURRENT_PROJECT_VERSION = 1;
				DEFINES_MODULE = YES;
				DEVELOPMENT_TEAM = U7VG5Q4924;
				DYLIB_COMPATIBILITY_VERSION = 1;
				DYLIB_CURRENT_VERSION = 1;
				DYLIB_INSTALL_NAME_BASE = "@rpath";
				INFOPLIST_FILE = Shared/Info.plist;
				INSTALL_PATH = "$(LOCAL_LIBRARY_DIR)/Frameworks";
				LD_RUNPATH_SEARCH_PATHS = (
					"$(inherited)",
					"@executable_path/Frameworks",
					"@loader_path/Frameworks",
				);
				MTL_FAST_MATH = YES;
				PRODUCT_BUNDLE_IDENTIFIER = blue.macho.Shared;
				PRODUCT_NAME = "$(TARGET_NAME:c99extidentifier)";
				SKIP_INSTALL = YES;
				SWIFT_VERSION = 4.2;
				TARGETED_DEVICE_FAMILY = "1,2";
				VERSIONING_SYSTEM = "apple-generic";
				VERSION_INFO_PREFIX = "";
			};
			name = Release;
		};
		9CE76B152187432B002B00ED /* Debug */ = {
			isa = XCBuildConfiguration;
			buildSettings = {
				ALWAYS_EMBED_SWIFT_STANDARD_LIBRARIES = YES;
				CODE_SIGN_STYLE = Automatic;
				DEVELOPMENT_TEAM = U7VG5Q4924;
				INFOPLIST_FILE = SharedTests/Info.plist;
				LD_RUNPATH_SEARCH_PATHS = (
					"$(inherited)",
					"@executable_path/Frameworks",
					"@loader_path/Frameworks",
				);
				MTL_ENABLE_DEBUG_INFO = INCLUDE_SOURCE;
				MTL_FAST_MATH = YES;
				PRODUCT_BUNDLE_IDENTIFIER = blue.macho.SharedTests;
				PRODUCT_NAME = "$(TARGET_NAME)";
				SWIFT_VERSION = 4.2;
				TARGETED_DEVICE_FAMILY = "1,2";
				TEST_HOST = "$(BUILT_PRODUCTS_DIR)/RaisingChildrenRecord.app/RaisingChildrenRecord";
			};
			name = Debug;
		};
		9CE76B162187432B002B00ED /* Release */ = {
			isa = XCBuildConfiguration;
			buildSettings = {
				ALWAYS_EMBED_SWIFT_STANDARD_LIBRARIES = YES;
				CODE_SIGN_STYLE = Automatic;
				DEVELOPMENT_TEAM = U7VG5Q4924;
				INFOPLIST_FILE = SharedTests/Info.plist;
				LD_RUNPATH_SEARCH_PATHS = (
					"$(inherited)",
					"@executable_path/Frameworks",
					"@loader_path/Frameworks",
				);
				MTL_FAST_MATH = YES;
				PRODUCT_BUNDLE_IDENTIFIER = blue.macho.SharedTests;
				PRODUCT_NAME = "$(TARGET_NAME)";
				SWIFT_VERSION = 4.2;
				TARGETED_DEVICE_FAMILY = "1,2";
				TEST_HOST = "$(BUILT_PRODUCTS_DIR)/RaisingChildrenRecord.app/RaisingChildrenRecord";
			};
			name = Release;
		};
/* End XCBuildConfiguration section */

/* Begin XCConfigurationList section */
		0C5F37E521567597002A1B6E /* Build configuration list for PBXNativeTarget "RecordCreateIntentExtension" */ = {
			isa = XCConfigurationList;
			buildConfigurations = (
				0C5F37E621567597002A1B6E /* Debug */,
				0C5F37E721567597002A1B6E /* Release */,
			);
			defaultConfigurationIsVisible = 0;
			defaultConfigurationName = Release;
		};
		0CBD261420F6CBE700542E1B /* Build configuration list for PBXProject "RaisingChildrenRecord" */ = {
			isa = XCConfigurationList;
			buildConfigurations = (
				0CBD264120F6CBE900542E1B /* Debug */,
				0CBD264220F6CBE900542E1B /* Release */,
			);
			defaultConfigurationIsVisible = 0;
			defaultConfigurationName = Release;
		};
		0CBD264320F6CBE900542E1B /* Build configuration list for PBXNativeTarget "RaisingChildrenRecord" */ = {
			isa = XCConfigurationList;
			buildConfigurations = (
				0CBD264420F6CBE900542E1B /* Debug */,
				0CBD264520F6CBE900542E1B /* Release */,
			);
			defaultConfigurationIsVisible = 0;
			defaultConfigurationName = Release;
		};
		0CBD264620F6CBE900542E1B /* Build configuration list for PBXNativeTarget "RaisingChildrenRecordTests" */ = {
			isa = XCConfigurationList;
			buildConfigurations = (
				0CBD264720F6CBE900542E1B /* Debug */,
				0CBD264820F6CBE900542E1B /* Release */,
			);
			defaultConfigurationIsVisible = 0;
			defaultConfigurationName = Release;
		};
		0CBD264920F6CBE900542E1B /* Build configuration list for PBXNativeTarget "RaisingChildrenRecordUITests" */ = {
			isa = XCConfigurationList;
			buildConfigurations = (
				0CBD264A20F6CBE900542E1B /* Debug */,
				0CBD264B20F6CBE900542E1B /* Release */,
			);
			defaultConfigurationIsVisible = 0;
			defaultConfigurationName = Release;
		};
		9CE76B112187432B002B00ED /* Build configuration list for PBXNativeTarget "Shared" */ = {
			isa = XCConfigurationList;
			buildConfigurations = (
				9CE76B122187432B002B00ED /* Debug */,
				9CE76B132187432B002B00ED /* Release */,
			);
			defaultConfigurationIsVisible = 0;
			defaultConfigurationName = Release;
		};
		9CE76B142187432B002B00ED /* Build configuration list for PBXNativeTarget "SharedTests" */ = {
			isa = XCConfigurationList;
			buildConfigurations = (
				9CE76B152187432B002B00ED /* Debug */,
				9CE76B162187432B002B00ED /* Release */,
			);
			defaultConfigurationIsVisible = 0;
			defaultConfigurationName = Release;
		};
/* End XCConfigurationList section */
	};
	rootObject = 0CBD261120F6CBE700542E1B /* Project object */;
}
