// !$*UTF8*$!
{
	archiveVersion = 1;
	classes = {
	};
	objectVersion = 50;
	objects = {

/* Begin PBXBuildFile section */
		0CBD261D20F6CBE700542E1B /* AppDelegate.swift in Sources */ = {isa = PBXBuildFile; fileRef = 0CBD261C20F6CBE700542E1B /* AppDelegate.swift */; };
		0CBD261F20F6CBE700542E1B /* FirstViewController.swift in Sources */ = {isa = PBXBuildFile; fileRef = 0CBD261E20F6CBE700542E1B /* FirstViewController.swift */; };
		0CBD262120F6CBE700542E1B /* SecondViewController.swift in Sources */ = {isa = PBXBuildFile; fileRef = 0CBD262020F6CBE700542E1B /* SecondViewController.swift */; };
		0CBD262420F6CBE700542E1B /* Main.storyboard in Resources */ = {isa = PBXBuildFile; fileRef = 0CBD262220F6CBE700542E1B /* Main.storyboard */; };
		0CBD262620F6CBE900542E1B /* Assets.xcassets in Resources */ = {isa = PBXBuildFile; fileRef = 0CBD262520F6CBE900542E1B /* Assets.xcassets */; };
		0CBD262920F6CBE900542E1B /* LaunchScreen.storyboard in Resources */ = {isa = PBXBuildFile; fileRef = 0CBD262720F6CBE900542E1B /* LaunchScreen.storyboard */; };
		0CBD263420F6CBE900542E1B /* RaisingChildrenRecordTests.swift in Sources */ = {isa = PBXBuildFile; fileRef = 0CBD263320F6CBE900542E1B /* RaisingChildrenRecordTests.swift */; };
		0CBD263F20F6CBE900542E1B /* RaisingChildrenRecordUITests.swift in Sources */ = {isa = PBXBuildFile; fileRef = 0CBD263E20F6CBE900542E1B /* RaisingChildrenRecordUITests.swift */; };
/* End PBXBuildFile section */

/* Begin PBXContainerItemProxy section */
		0CBD263020F6CBE900542E1B /* PBXContainerItemProxy */ = {
			isa = PBXContainerItemProxy;
			containerPortal = 0CBD261120F6CBE700542E1B /* Project object */;
			proxyType = 1;
			remoteGlobalIDString = 0CBD261820F6CBE700542E1B;
			remoteInfo = RaisingChildrenRecord;
		};
		0CBD263B20F6CBE900542E1B /* PBXContainerItemProxy */ = {
			isa = PBXContainerItemProxy;
			containerPortal = 0CBD261120F6CBE700542E1B /* Project object */;
			proxyType = 1;
			remoteGlobalIDString = 0CBD261820F6CBE700542E1B;
			remoteInfo = RaisingChildrenRecord;
		};
/* End PBXContainerItemProxy section */

/* Begin PBXFileReference section */
		0CBD261920F6CBE700542E1B /* RaisingChildrenRecord.app */ = {isa = PBXFileReference; explicitFileType = wrapper.application; includeInIndex = 0; path = RaisingChildrenRecord.app; sourceTree = BUILT_PRODUCTS_DIR; };
		0CBD261C20F6CBE700542E1B /* AppDelegate.swift */ = {isa = PBXFileReference; lastKnownFileType = sourcecode.swift; path = AppDelegate.swift; sourceTree = "<group>"; };
		0CBD261E20F6CBE700542E1B /* FirstViewController.swift */ = {isa = PBXFileReference; lastKnownFileType = sourcecode.swift; path = FirstViewController.swift; sourceTree = "<group>"; };
		0CBD262020F6CBE700542E1B /* SecondViewController.swift */ = {isa = PBXFileReference; lastKnownFileType = sourcecode.swift; path = SecondViewController.swift; sourceTree = "<group>"; };
		0CBD262320F6CBE700542E1B /* Base */ = {isa = PBXFileReference; lastKnownFileType = file.storyboard; name = Base; path = Base.lproj/Main.storyboard; sourceTree = "<group>"; };
		0CBD262520F6CBE900542E1B /* Assets.xcassets */ = {isa = PBXFileReference; lastKnownFileType = folder.assetcatalog; path = Assets.xcassets; sourceTree = "<group>"; };
		0CBD262820F6CBE900542E1B /* Base */ = {isa = PBXFileReference; lastKnownFileType = file.storyboard; name = Base; path = Base.lproj/LaunchScreen.storyboard; sourceTree = "<group>"; };
		0CBD262A20F6CBE900542E1B /* Info.plist */ = {isa = PBXFileReference; lastKnownFileType = text.plist.xml; path = Info.plist; sourceTree = "<group>"; };
		0CBD262F20F6CBE900542E1B /* RaisingChildrenRecordTests.xctest */ = {isa = PBXFileReference; explicitFileType = wrapper.cfbundle; includeInIndex = 0; path = RaisingChildrenRecordTests.xctest; sourceTree = BUILT_PRODUCTS_DIR; };
		0CBD263320F6CBE900542E1B /* RaisingChildrenRecordTests.swift */ = {isa = PBXFileReference; lastKnownFileType = sourcecode.swift; path = RaisingChildrenRecordTests.swift; sourceTree = "<group>"; };
		0CBD263520F6CBE900542E1B /* Info.plist */ = {isa = PBXFileReference; lastKnownFileType = text.plist.xml; path = Info.plist; sourceTree = "<group>"; };
		0CBD263A20F6CBE900542E1B /* RaisingChildrenRecordUITests.xctest */ = {isa = PBXFileReference; explicitFileType = wrapper.cfbundle; includeInIndex = 0; path = RaisingChildrenRecordUITests.xctest; sourceTree = BUILT_PRODUCTS_DIR; };
		0CBD263E20F6CBE900542E1B /* RaisingChildrenRecordUITests.swift */ = {isa = PBXFileReference; lastKnownFileType = sourcecode.swift; path = RaisingChildrenRecordUITests.swift; sourceTree = "<group>"; };
		0CBD264020F6CBE900542E1B /* Info.plist */ = {isa = PBXFileReference; lastKnownFileType = text.plist.xml; path = Info.plist; sourceTree = "<group>"; };
/* End PBXFileReference section */

/* Begin PBXFrameworksBuildPhase section */
		0CBD261620F6CBE700542E1B /* Frameworks */ = {
			isa = PBXFrameworksBuildPhase;
			buildActionMask = 2147483647;
			files = (
			);
			runOnlyForDeploymentPostprocessing = 0;
		};
		0CBD262C20F6CBE900542E1B /* Frameworks */ = {
			isa = PBXFrameworksBuildPhase;
			buildActionMask = 2147483647;
			files = (
			);
			runOnlyForDeploymentPostprocessing = 0;
		};
		0CBD263720F6CBE900542E1B /* Frameworks */ = {
			isa = PBXFrameworksBuildPhase;
			buildActionMask = 2147483647;
			files = (
			);
			runOnlyForDeploymentPostprocessing = 0;
		};
/* End PBXFrameworksBuildPhase section */

/* Begin PBXGroup section */
		0CBD261020F6CBE700542E1B = {
			isa = PBXGroup;
			children = (
				0CBD261B20F6CBE700542E1B /* RaisingChildrenRecord */,
				0CBD263220F6CBE900542E1B /* RaisingChildrenRecordTests */,
				0CBD263D20F6CBE900542E1B /* RaisingChildrenRecordUITests */,
				0CBD261A20F6CBE700542E1B /* Products */,
			);
			sourceTree = "<group>";
		};
		0CBD261A20F6CBE700542E1B /* Products */ = {
			isa = PBXGroup;
			children = (
				0CBD261920F6CBE700542E1B /* RaisingChildrenRecord.app */,
				0CBD262F20F6CBE900542E1B /* RaisingChildrenRecordTests.xctest */,
				0CBD263A20F6CBE900542E1B /* RaisingChildrenRecordUITests.xctest */,
			);
			name = Products;
			sourceTree = "<group>";
		};
		0CBD261B20F6CBE700542E1B /* RaisingChildrenRecord */ = {
			isa = PBXGroup;
			children = (
				0CBD261C20F6CBE700542E1B /* AppDelegate.swift */,
				0CBD261E20F6CBE700542E1B /* FirstViewController.swift */,
				0CBD262020F6CBE700542E1B /* SecondViewController.swift */,
				0CBD262220F6CBE700542E1B /* Main.storyboard */,
				0CBD262520F6CBE900542E1B /* Assets.xcassets */,
				0CBD262720F6CBE900542E1B /* LaunchScreen.storyboard */,
				0CBD262A20F6CBE900542E1B /* Info.plist */,
			);
			path = RaisingChildrenRecord;
			sourceTree = "<group>";
		};
		0CBD263220F6CBE900542E1B /* RaisingChildrenRecordTests */ = {
			isa = PBXGroup;
			children = (
				0CBD263320F6CBE900542E1B /* RaisingChildrenRecordTests.swift */,
				0CBD263520F6CBE900542E1B /* Info.plist */,
			);
			path = RaisingChildrenRecordTests;
			sourceTree = "<group>";
		};
		0CBD263D20F6CBE900542E1B /* RaisingChildrenRecordUITests */ = {
			isa = PBXGroup;
			children = (
				0CBD263E20F6CBE900542E1B /* RaisingChildrenRecordUITests.swift */,
				0CBD264020F6CBE900542E1B /* Info.plist */,
			);
			path = RaisingChildrenRecordUITests;
			sourceTree = "<group>";
		};
/* End PBXGroup section */

/* Begin PBXNativeTarget section */
		0CBD261820F6CBE700542E1B /* RaisingChildrenRecord */ = {
			isa = PBXNativeTarget;
			buildConfigurationList = 0CBD264320F6CBE900542E1B /* Build configuration list for PBXNativeTarget "RaisingChildrenRecord" */;
			buildPhases = (
				0CBD261520F6CBE700542E1B /* Sources */,
				0CBD261620F6CBE700542E1B /* Frameworks */,
				0CBD261720F6CBE700542E1B /* Resources */,
			);
			buildRules = (
			);
			dependencies = (
			);
			name = RaisingChildrenRecord;
			productName = RaisingChildrenRecord;
			productReference = 0CBD261920F6CBE700542E1B /* RaisingChildrenRecord.app */;
			productType = "com.apple.product-type.application";
		};
		0CBD262E20F6CBE900542E1B /* RaisingChildrenRecordTests */ = {
			isa = PBXNativeTarget;
			buildConfigurationList = 0CBD264620F6CBE900542E1B /* Build configuration list for PBXNativeTarget "RaisingChildrenRecordTests" */;
			buildPhases = (
				0CBD262B20F6CBE900542E1B /* Sources */,
				0CBD262C20F6CBE900542E1B /* Frameworks */,
				0CBD262D20F6CBE900542E1B /* Resources */,
			);
			buildRules = (
			);
			dependencies = (
				0CBD263120F6CBE900542E1B /* PBXTargetDependency */,
			);
			name = RaisingChildrenRecordTests;
			productName = RaisingChildrenRecordTests;
			productReference = 0CBD262F20F6CBE900542E1B /* RaisingChildrenRecordTests.xctest */;
			productType = "com.apple.product-type.bundle.unit-test";
		};
		0CBD263920F6CBE900542E1B /* RaisingChildrenRecordUITests */ = {
			isa = PBXNativeTarget;
			buildConfigurationList = 0CBD264920F6CBE900542E1B /* Build configuration list for PBXNativeTarget "RaisingChildrenRecordUITests" */;
			buildPhases = (
				0CBD263620F6CBE900542E1B /* Sources */,
				0CBD263720F6CBE900542E1B /* Frameworks */,
				0CBD263820F6CBE900542E1B /* Resources */,
			);
			buildRules = (
			);
			dependencies = (
				0CBD263C20F6CBE900542E1B /* PBXTargetDependency */,
			);
			name = RaisingChildrenRecordUITests;
			productName = RaisingChildrenRecordUITests;
			productReference = 0CBD263A20F6CBE900542E1B /* RaisingChildrenRecordUITests.xctest */;
			productType = "com.apple.product-type.bundle.ui-testing";
		};
/* End PBXNativeTarget section */

/* Begin PBXProject section */
		0CBD261120F6CBE700542E1B /* Project object */ = {
			isa = PBXProject;
			attributes = {
				LastSwiftUpdateCheck = 0940;
				LastUpgradeCheck = 0940;
				ORGANIZATIONNAME = "松島勇貴";
				TargetAttributes = {
					0CBD261820F6CBE700542E1B = {
						CreatedOnToolsVersion = 9.4.1;
					};
					0CBD262E20F6CBE900542E1B = {
						CreatedOnToolsVersion = 9.4.1;
						TestTargetID = 0CBD261820F6CBE700542E1B;
					};
					0CBD263920F6CBE900542E1B = {
						CreatedOnToolsVersion = 9.4.1;
						TestTargetID = 0CBD261820F6CBE700542E1B;
					};
				};
			};
			buildConfigurationList = 0CBD261420F6CBE700542E1B /* Build configuration list for PBXProject "RaisingChildrenRecord" */;
			compatibilityVersion = "Xcode 9.3";
			developmentRegion = en;
			hasScannedForEncodings = 0;
			knownRegions = (
				en,
				Base,
			);
			mainGroup = 0CBD261020F6CBE700542E1B;
			productRefGroup = 0CBD261A20F6CBE700542E1B /* Products */;
			projectDirPath = "";
			projectRoot = "";
			targets = (
				0CBD261820F6CBE700542E1B /* RaisingChildrenRecord */,
				0CBD262E20F6CBE900542E1B /* RaisingChildrenRecordTests */,
				0CBD263920F6CBE900542E1B /* RaisingChildrenRecordUITests */,
			);
		};
/* End PBXProject section */

/* Begin PBXResourcesBuildPhase section */
		0CBD261720F6CBE700542E1B /* Resources */ = {
			isa = PBXResourcesBuildPhase;
			buildActionMask = 2147483647;
			files = (
				0CBD262920F6CBE900542E1B /* LaunchScreen.storyboard in Resources */,
				0CBD262620F6CBE900542E1B /* Assets.xcassets in Resources */,
				0CBD262420F6CBE700542E1B /* Main.storyboard in Resources */,
			);
			runOnlyForDeploymentPostprocessing = 0;
		};
		0CBD262D20F6CBE900542E1B /* Resources */ = {
			isa = PBXResourcesBuildPhase;
			buildActionMask = 2147483647;
			files = (
			);
			runOnlyForDeploymentPostprocessing = 0;
		};
		0CBD263820F6CBE900542E1B /* Resources */ = {
			isa = PBXResourcesBuildPhase;
			buildActionMask = 2147483647;
			files = (
			);
			runOnlyForDeploymentPostprocessing = 0;
		};
/* End PBXResourcesBuildPhase section */

/* Begin PBXSourcesBuildPhase section */
		0CBD261520F6CBE700542E1B /* Sources */ = {
			isa = PBXSourcesBuildPhase;
			buildActionMask = 2147483647;
			files = (
				0CBD262120F6CBE700542E1B /* SecondViewController.swift in Sources */,
				0CBD261D20F6CBE700542E1B /* AppDelegate.swift in Sources */,
				0CBD261F20F6CBE700542E1B /* FirstViewController.swift in Sources */,
			);
			runOnlyForDeploymentPostprocessing = 0;
		};
		0CBD262B20F6CBE900542E1B /* Sources */ = {
			isa = PBXSourcesBuildPhase;
			buildActionMask = 2147483647;
			files = (
				0CBD263420F6CBE900542E1B /* RaisingChildrenRecordTests.swift in Sources */,
			);
			runOnlyForDeploymentPostprocessing = 0;
		};
		0CBD263620F6CBE900542E1B /* Sources */ = {
			isa = PBXSourcesBuildPhase;
			buildActionMask = 2147483647;
			files = (
				0CBD263F20F6CBE900542E1B /* RaisingChildrenRecordUITests.swift in Sources */,
			);
			runOnlyForDeploymentPostprocessing = 0;
		};
/* End PBXSourcesBuildPhase section */

/* Begin PBXTargetDependency section */
		0CBD263120F6CBE900542E1B /* PBXTargetDependency */ = {
			isa = PBXTargetDependency;
			target = 0CBD261820F6CBE700542E1B /* RaisingChildrenRecord */;
			targetProxy = 0CBD263020F6CBE900542E1B /* PBXContainerItemProxy */;
		};
		0CBD263C20F6CBE900542E1B /* PBXTargetDependency */ = {
			isa = PBXTargetDependency;
			target = 0CBD261820F6CBE700542E1B /* RaisingChildrenRecord */;
			targetProxy = 0CBD263B20F6CBE900542E1B /* PBXContainerItemProxy */;
		};
/* End PBXTargetDependency section */

/* Begin PBXVariantGroup section */
		0CBD262220F6CBE700542E1B /* Main.storyboard */ = {
			isa = PBXVariantGroup;
			children = (
				0CBD262320F6CBE700542E1B /* Base */,
			);
			name = Main.storyboard;
			sourceTree = "<group>";
		};
		0CBD262720F6CBE900542E1B /* LaunchScreen.storyboard */ = {
			isa = PBXVariantGroup;
			children = (
				0CBD262820F6CBE900542E1B /* Base */,
			);
			name = LaunchScreen.storyboard;
			sourceTree = "<group>";
		};
/* End PBXVariantGroup section */

/* Begin XCBuildConfiguration section */
		0CBD264120F6CBE900542E1B /* Debug */ = {
			isa = XCBuildConfiguration;
			buildSettings = {
				ALWAYS_SEARCH_USER_PATHS = NO;
				CLANG_ANALYZER_NONNULL = YES;
				CLANG_ANALYZER_NUMBER_OBJECT_CONVERSION = YES_AGGRESSIVE;
				CLANG_CXX_LANGUAGE_STANDARD = "gnu++14";
				CLANG_CXX_LIBRARY = "libc++";
				CLANG_ENABLE_MODULES = YES;
				CLANG_ENABLE_OBJC_ARC = YES;
				CLANG_ENABLE_OBJC_WEAK = YES;
				CLANG_WARN_BLOCK_CAPTURE_AUTORELEASING = YES;
				CLANG_WARN_BOOL_CONVERSION = YES;
				CLANG_WARN_COMMA = YES;
				CLANG_WARN_CONSTANT_CONVERSION = YES;
				CLANG_WARN_DEPRECATED_OBJC_IMPLEMENTATIONS = YES;
				CLANG_WARN_DIRECT_OBJC_ISA_USAGE = YES_ERROR;
				CLANG_WARN_DOCUMENTATION_COMMENTS = YES;
				CLANG_WARN_EMPTY_BODY = YES;
				CLANG_WARN_ENUM_CONVERSION = YES;
				CLANG_WARN_INFINITE_RECURSION = YES;
				CLANG_WARN_INT_CONVERSION = YES;
				CLANG_WARN_NON_LITERAL_NULL_CONVERSION = YES;
				CLANG_WARN_OBJC_IMPLICIT_RETAIN_SELF = YES;
				CLANG_WARN_OBJC_LITERAL_CONVERSION = YES;
				CLANG_WARN_OBJC_ROOT_CLASS = YES_ERROR;
				CLANG_WARN_RANGE_LOOP_ANALYSIS = YES;
				CLANG_WARN_STRICT_PROTOTYPES = YES;
				CLANG_WARN_SUSPICIOUS_MOVE = YES;
				CLANG_WARN_UNGUARDED_AVAILABILITY = YES_AGGRESSIVE;
				CLANG_WARN_UNREACHABLE_CODE = YES;
				CLANG_WARN__DUPLICATE_METHOD_MATCH = YES;
				CODE_SIGN_IDENTITY = "iPhone Developer";
				COPY_PHASE_STRIP = NO;
				DEBUG_INFORMATION_FORMAT = dwarf;
				ENABLE_STRICT_OBJC_MSGSEND = YES;
				ENABLE_TESTABILITY = YES;
				GCC_C_LANGUAGE_STANDARD = gnu11;
				GCC_DYNAMIC_NO_PIC = NO;
				GCC_NO_COMMON_BLOCKS = YES;
				GCC_OPTIMIZATION_LEVEL = 0;
				GCC_PREPROCESSOR_DEFINITIONS = (
					"DEBUG=1",
					"$(inherited)",
				);
				GCC_WARN_64_TO_32_BIT_CONVERSION = YES;
				GCC_WARN_ABOUT_RETURN_TYPE = YES_ERROR;
				GCC_WARN_UNDECLARED_SELECTOR = YES;
				GCC_WARN_UNINITIALIZED_AUTOS = YES_AGGRESSIVE;
				GCC_WARN_UNUSED_FUNCTION = YES;
				GCC_WARN_UNUSED_VARIABLE = YES;
				IPHONEOS_DEPLOYMENT_TARGET = 11.4;
				MTL_ENABLE_DEBUG_INFO = YES;
				ONLY_ACTIVE_ARCH = YES;
				SDKROOT = iphoneos;
				SWIFT_ACTIVE_COMPILATION_CONDITIONS = DEBUG;
				SWIFT_OPTIMIZATION_LEVEL = "-Onone";
			};
			name = Debug;
		};
		0CBD264220F6CBE900542E1B /* Release */ = {
			isa = XCBuildConfiguration;
			buildSettings = {
				ALWAYS_SEARCH_USER_PATHS = NO;
				CLANG_ANALYZER_NONNULL = YES;
				CLANG_ANALYZER_NUMBER_OBJECT_CONVERSION = YES_AGGRESSIVE;
				CLANG_CXX_LANGUAGE_STANDARD = "gnu++14";
				CLANG_CXX_LIBRARY = "libc++";
				CLANG_ENABLE_MODULES = YES;
				CLANG_ENABLE_OBJC_ARC = YES;
				CLANG_ENABLE_OBJC_WEAK = YES;
				CLANG_WARN_BLOCK_CAPTURE_AUTORELEASING = YES;
				CLANG_WARN_BOOL_CONVERSION = YES;
				CLANG_WARN_COMMA = YES;
				CLANG_WARN_CONSTANT_CONVERSION = YES;
				CLANG_WARN_DEPRECATED_OBJC_IMPLEMENTATIONS = YES;
				CLANG_WARN_DIRECT_OBJC_ISA_USAGE = YES_ERROR;
				CLANG_WARN_DOCUMENTATION_COMMENTS = YES;
				CLANG_WARN_EMPTY_BODY = YES;
				CLANG_WARN_ENUM_CONVERSION = YES;
				CLANG_WARN_INFINITE_RECURSION = YES;
				CLANG_WARN_INT_CONVERSION = YES;
				CLANG_WARN_NON_LITERAL_NULL_CONVERSION = YES;
				CLANG_WARN_OBJC_IMPLICIT_RETAIN_SELF = YES;
				CLANG_WARN_OBJC_LITERAL_CONVERSION = YES;
				CLANG_WARN_OBJC_ROOT_CLASS = YES_ERROR;
				CLANG_WARN_RANGE_LOOP_ANALYSIS = YES;
				CLANG_WARN_STRICT_PROTOTYPES = YES;
				CLANG_WARN_SUSPICIOUS_MOVE = YES;
				CLANG_WARN_UNGUARDED_AVAILABILITY = YES_AGGRESSIVE;
				CLANG_WARN_UNREACHABLE_CODE = YES;
				CLANG_WARN__DUPLICATE_METHOD_MATCH = YES;
				CODE_SIGN_IDENTITY = "iPhone Developer";
				COPY_PHASE_STRIP = NO;
				DEBUG_INFORMATION_FORMAT = "dwarf-with-dsym";
				ENABLE_NS_ASSERTIONS = NO;
				ENABLE_STRICT_OBJC_MSGSEND = YES;
				GCC_C_LANGUAGE_STANDARD = gnu11;
				GCC_NO_COMMON_BLOCKS = YES;
				GCC_WARN_64_TO_32_BIT_CONVERSION = YES;
				GCC_WARN_ABOUT_RETURN_TYPE = YES_ERROR;
				GCC_WARN_UNDECLARED_SELECTOR = YES;
				GCC_WARN_UNINITIALIZED_AUTOS = YES_AGGRESSIVE;
				GCC_WARN_UNUSED_FUNCTION = YES;
				GCC_WARN_UNUSED_VARIABLE = YES;
				IPHONEOS_DEPLOYMENT_TARGET = 11.4;
				MTL_ENABLE_DEBUG_INFO = NO;
				SDKROOT = iphoneos;
				SWIFT_COMPILATION_MODE = wholemodule;
				SWIFT_OPTIMIZATION_LEVEL = "-O";
				VALIDATE_PRODUCT = YES;
			};
			name = Release;
		};
		0CBD264420F6CBE900542E1B /* Debug */ = {
			isa = XCBuildConfiguration;
			buildSettings = {
				ASSETCATALOG_COMPILER_APPICON_NAME = AppIcon;
				CODE_SIGN_STYLE = Automatic;
				INFOPLIST_FILE = RaisingChildrenRecord/Info.plist;
				LD_RUNPATH_SEARCH_PATHS = (
					"$(inherited)",
					"@executable_path/Frameworks",
				);
				PRODUCT_BUNDLE_IDENTIFIER = blue.macho.RaisingChildrenRecord;
				PRODUCT_NAME = "$(TARGET_NAME)";
				SWIFT_VERSION = 4.0;
				TARGETED_DEVICE_FAMILY = "1,2";
			};
			name = Debug;
		};
		0CBD264520F6CBE900542E1B /* Release */ = {
			isa = XCBuildConfiguration;
			buildSettings = {
				ASSETCATALOG_COMPILER_APPICON_NAME = AppIcon;
				CODE_SIGN_STYLE = Automatic;
				INFOPLIST_FILE = RaisingChildrenRecord/Info.plist;
				LD_RUNPATH_SEARCH_PATHS = (
					"$(inherited)",
					"@executable_path/Frameworks",
				);
				PRODUCT_BUNDLE_IDENTIFIER = blue.macho.RaisingChildrenRecord;
				PRODUCT_NAME = "$(TARGET_NAME)";
				SWIFT_VERSION = 4.0;
				TARGETED_DEVICE_FAMILY = "1,2";
			};
			name = Release;
		};
		0CBD264720F6CBE900542E1B /* Debug */ = {
			isa = XCBuildConfiguration;
			buildSettings = {
				ALWAYS_EMBED_SWIFT_STANDARD_LIBRARIES = YES;
				BUNDLE_LOADER = "$(TEST_HOST)";
				CODE_SIGN_STYLE = Automatic;
				INFOPLIST_FILE = RaisingChildrenRecordTests/Info.plist;
				LD_RUNPATH_SEARCH_PATHS = (
					"$(inherited)",
					"@executable_path/Frameworks",
					"@loader_path/Frameworks",
				);
				PRODUCT_BUNDLE_IDENTIFIER = blue.macho.RaisingChildrenRecordTests;
				PRODUCT_NAME = "$(TARGET_NAME)";
				SWIFT_VERSION = 4.0;
				TARGETED_DEVICE_FAMILY = "1,2";
				TEST_HOST = "$(BUILT_PRODUCTS_DIR)/RaisingChildrenRecord.app/RaisingChildrenRecord";
			};
			name = Debug;
		};
		0CBD264820F6CBE900542E1B /* Release */ = {
			isa = XCBuildConfiguration;
			buildSettings = {
				ALWAYS_EMBED_SWIFT_STANDARD_LIBRARIES = YES;
				BUNDLE_LOADER = "$(TEST_HOST)";
				CODE_SIGN_STYLE = Automatic;
				INFOPLIST_FILE = RaisingChildrenRecordTests/Info.plist;
				LD_RUNPATH_SEARCH_PATHS = (
					"$(inherited)",
					"@executable_path/Frameworks",
					"@loader_path/Frameworks",
				);
				PRODUCT_BUNDLE_IDENTIFIER = blue.macho.RaisingChildrenRecordTests;
				PRODUCT_NAME = "$(TARGET_NAME)";
				SWIFT_VERSION = 4.0;
				TARGETED_DEVICE_FAMILY = "1,2";
				TEST_HOST = "$(BUILT_PRODUCTS_DIR)/RaisingChildrenRecord.app/RaisingChildrenRecord";
			};
			name = Release;
		};
		0CBD264A20F6CBE900542E1B /* Debug */ = {
			isa = XCBuildConfiguration;
			buildSettings = {
				ALWAYS_EMBED_SWIFT_STANDARD_LIBRARIES = YES;
				CODE_SIGN_STYLE = Automatic;
				INFOPLIST_FILE = RaisingChildrenRecordUITests/Info.plist;
				LD_RUNPATH_SEARCH_PATHS = (
					"$(inherited)",
					"@executable_path/Frameworks",
					"@loader_path/Frameworks",
				);
				PRODUCT_BUNDLE_IDENTIFIER = blue.macho.RaisingChildrenRecordUITests;
				PRODUCT_NAME = "$(TARGET_NAME)";
				SWIFT_VERSION = 4.0;
				TARGETED_DEVICE_FAMILY = "1,2";
				TEST_TARGET_NAME = RaisingChildrenRecord;
			};
			name = Debug;
		};
		0CBD264B20F6CBE900542E1B /* Release */ = {
			isa = XCBuildConfiguration;
			buildSettings = {
				ALWAYS_EMBED_SWIFT_STANDARD_LIBRARIES = YES;
				CODE_SIGN_STYLE = Automatic;
				INFOPLIST_FILE = RaisingChildrenRecordUITests/Info.plist;
				LD_RUNPATH_SEARCH_PATHS = (
					"$(inherited)",
					"@executable_path/Frameworks",
					"@loader_path/Frameworks",
				);
				PRODUCT_BUNDLE_IDENTIFIER = blue.macho.RaisingChildrenRecordUITests;
				PRODUCT_NAME = "$(TARGET_NAME)";
				SWIFT_VERSION = 4.0;
				TARGETED_DEVICE_FAMILY = "1,2";
				TEST_TARGET_NAME = RaisingChildrenRecord;
			};
			name = Release;
		};
/* End XCBuildConfiguration section */

/* Begin XCConfigurationList section */
		0CBD261420F6CBE700542E1B /* Build configuration list for PBXProject "RaisingChildrenRecord" */ = {
			isa = XCConfigurationList;
			buildConfigurations = (
				0CBD264120F6CBE900542E1B /* Debug */,
				0CBD264220F6CBE900542E1B /* Release */,
			);
			defaultConfigurationIsVisible = 0;
			defaultConfigurationName = Release;
		};
		0CBD264320F6CBE900542E1B /* Build configuration list for PBXNativeTarget "RaisingChildrenRecord" */ = {
			isa = XCConfigurationList;
			buildConfigurations = (
				0CBD264420F6CBE900542E1B /* Debug */,
				0CBD264520F6CBE900542E1B /* Release */,
			);
			defaultConfigurationIsVisible = 0;
			defaultConfigurationName = Release;
		};
		0CBD264620F6CBE900542E1B /* Build configuration list for PBXNativeTarget "RaisingChildrenRecordTests" */ = {
			isa = XCConfigurationList;
			buildConfigurations = (
				0CBD264720F6CBE900542E1B /* Debug */,
				0CBD264820F6CBE900542E1B /* Release */,
			);
			defaultConfigurationIsVisible = 0;
			defaultConfigurationName = Release;
		};
		0CBD264920F6CBE900542E1B /* Build configuration list for PBXNativeTarget "RaisingChildrenRecordUITests" */ = {
			isa = XCConfigurationList;
			buildConfigurations = (
				0CBD264A20F6CBE900542E1B /* Debug */,
				0CBD264B20F6CBE900542E1B /* Release */,
			);
			defaultConfigurationIsVisible = 0;
			defaultConfigurationName = Release;
		};
/* End XCConfigurationList section */
	};
	rootObject = 0CBD261120F6CBE700542E1B /* Project object */;
}
